<?xml version="1.0" encoding="utf-8"?>
<Project ToolsVersion="17.0" xmlns="http://schemas.microsoft.com/developer/msbuild/2003">
  <ItemGroup>
    <CustomBuild Include="C:\main\port\graphics3d\ktx\CMakeFiles\47232841011cd42ac836c38d464dcbdc\Continuous.rule">
      <Filter>CMake Rules</Filter>
    </CustomBuild>
    <CustomBuild Include="C:\main\port\graphics3d\ktx\KTX-Software\CMakeLists.txt" />
  </ItemGroup>
  <ItemGroup>
    <None Include="C:\main\port\graphics3d\ktx\CMakeFiles\Continuous" />
  </ItemGroup>
  <ItemGroup>
    <Filter Include="CMake Rules">
      <UniqueIdentifier>{DD35E1C2-3589-3102-9324-F3AF81E2A13A}</UniqueIdentifier>
    </Filter>
  </ItemGroup>
</Project>
