
Microsoft Visual Studio Solution File, Format Version 12.00
# Visual Studio Version 17
Project("{8BC9CEB8-8B4A-11D0-8D11-00A0C91BC942}") = "ALL_BUILD", "ALL_BUILD.vcxproj", "{75F6964D-0D94-3995-A8CD-96B1EA666FA2}"
	ProjectSection(ProjectDependencies) = postProject
		{E845294C-5C16-3643-BB11-52941E62E2DB} = {E845294C-5C16-3643-BB11-52941E62E2DB}
		{AD2F19D2-D708-34B9-8DA0-03062C43D186} = {AD2F19D2-D708-34B9-8DA0-03062C43D186}
		{A65E01EF-BDFE-32A9-BFF1-5C3991134757} = {A65E01EF-BDFE-32A9-BFF1-5C3991134757}
		{D86C8AFF-7F06-3816-A8EF-856C1EF5E43E} = {D86C8AFF-7F06-3816-A8EF-856C1EF5E43E}
		{D29D6319-9272-3DCF-97D6-3421637F733F} = {D29D6319-9272-3DCF-97D6-3421637F733F}
		{FE12834C-15F5-38DD-91CC-63C750492A37} = {FE12834C-15F5-38DD-91CC-63C750492A37}
		{0648B7A6-D486-3357-B5E6-D770137DA659} = {0648B7A6-D486-3357-B5E6-D770137DA659}
		{B73993F2-BAC6-3F5D-96EF-165872757B61} = {B73993F2-BAC6-3F5D-96EF-165872757B61}
		{8170520E-D396-3FB8-8981-5BA3E5C3A98C} = {8170520E-D396-3FB8-8981-5BA3E5C3A98C}
		{0533E638-99A8-3D15-8FE3-993D44D1821D} = {0533E638-99A8-3D15-8FE3-993D44D1821D}
		{C1434CE5-FC82-3F1A-8409-2841FC4D3C6D} = {C1434CE5-FC82-3F1A-8409-2841FC4D3C6D}
		{C53EE098-A8EE-3E41-9BD9-F6BF1C0901CB} = {C53EE098-A8EE-3E41-9BD9-F6BF1C0901CB}
		{1D2CEC38-7D71-3798-86B4-1F6EF23F78C1} = {1D2CEC38-7D71-3798-86B4-1F6EF23F78C1}
		{2E09477A-5290-3AC4-8117-841596EA48EF} = {2E09477A-5290-3AC4-8117-841596EA48EF}
		{30C355CF-DA82-3DC9-B3B2-CA3B2C4C53F9} = {30C355CF-DA82-3DC9-B3B2-CA3B2C4C53F9}
		{69A92B23-D018-32C2-B2D9-A01E439C07DF} = {69A92B23-D018-32C2-B2D9-A01E439C07DF}
		{D4FF18A3-73CD-363E-9890-7A8280799134} = {D4FF18A3-73CD-363E-9890-7A8280799134}
		{29282590-F05C-398B-BA72-33F35C4889FC} = {29282590-F05C-398B-BA72-33F35C4889FC}
		{12BA6913-0493-323C-BC5B-9F22DB336958} = {12BA6913-0493-323C-BC5B-9F22DB336958}
		{C8758B0B-F6F4-3845-A697-ED052E581874} = {C8758B0B-F6F4-3845-A697-ED052E581874}
	EndProjectSection
EndProject
Project("{8BC9CEB8-8B4A-11D0-8D11-00A0C91BC942}") = "Continuous", "KTX-Software\Continuous.vcxproj", "{303AA0F8-EA5B-3926-B56C-50231A4D6E38}"
	ProjectSection(ProjectDependencies) = postProject
		{E845294C-5C16-3643-BB11-52941E62E2DB} = {E845294C-5C16-3643-BB11-52941E62E2DB}
	EndProjectSection
EndProject
Project("{8BC9CEB8-8B4A-11D0-8D11-00A0C91BC942}") = "Experimental", "KTX-Software\Experimental.vcxproj", "{05367966-DD46-3D07-8D02-F730C6160577}"
	ProjectSection(ProjectDependencies) = postProject
		{E845294C-5C16-3643-BB11-52941E62E2DB} = {E845294C-5C16-3643-BB11-52941E62E2DB}
	EndProjectSection
EndProject
Project("{8BC9CEB8-8B4A-11D0-8D11-00A0C91BC942}") = "INSTALL", "INSTALL.vcxproj", "{3BDBF6E9-DA8F-3852-84A9-EBE682B7B173}"
	ProjectSection(ProjectDependencies) = postProject
		{75F6964D-0D94-3995-A8CD-96B1EA666FA2} = {75F6964D-0D94-3995-A8CD-96B1EA666FA2}
		{E845294C-5C16-3643-BB11-52941E62E2DB} = {E845294C-5C16-3643-BB11-52941E62E2DB}
	EndProjectSection
EndProject
Project("{8BC9CEB8-8B4A-11D0-8D11-00A0C91BC942}") = "Nightly", "KTX-Software\Nightly.vcxproj", "{254B4620-B50C-3BF8-8853-9F4C2AE420FC}"
	ProjectSection(ProjectDependencies) = postProject
		{E845294C-5C16-3643-BB11-52941E62E2DB} = {E845294C-5C16-3643-BB11-52941E62E2DB}
	EndProjectSection
EndProject
Project("{8BC9CEB8-8B4A-11D0-8D11-00A0C91BC942}") = "NightlyMemoryCheck", "KTX-Software\NightlyMemoryCheck.vcxproj", "{C1CDCC50-D7A3-37FE-B8E3-9D48A068F44A}"
	ProjectSection(ProjectDependencies) = postProject
		{E845294C-5C16-3643-BB11-52941E62E2DB} = {E845294C-5C16-3643-BB11-52941E62E2DB}
	EndProjectSection
EndProject
Project("{8BC9CEB8-8B4A-11D0-8D11-00A0C91BC942}") = "PACKAGE", "PACKAGE.vcxproj", "{8A4AC721-1AFA-3A86-8E6A-7C73B176376A}"
	ProjectSection(ProjectDependencies) = postProject
		{75F6964D-0D94-3995-A8CD-96B1EA666FA2} = {75F6964D-0D94-3995-A8CD-96B1EA666FA2}
		{E845294C-5C16-3643-BB11-52941E62E2DB} = {E845294C-5C16-3643-BB11-52941E62E2DB}
	EndProjectSection
EndProject
Project("{8BC9CEB8-8B4A-11D0-8D11-00A0C91BC942}") = "ZERO_CHECK", "ZERO_CHECK.vcxproj", "{E845294C-5C16-3643-BB11-52941E62E2DB}"
	ProjectSection(ProjectDependencies) = postProject
	EndProjectSection
EndProject
Project("{8BC9CEB8-8B4A-11D0-8D11-00A0C91BC942}") = "astcenc-avx2-static", "KTX-Software\external\astc-encoder\Source\astcenc-avx2-static.vcxproj", "{AD2F19D2-D708-34B9-8DA0-03062C43D186}"
	ProjectSection(ProjectDependencies) = postProject
		{E845294C-5C16-3643-BB11-52941E62E2DB} = {E845294C-5C16-3643-BB11-52941E62E2DB}
	EndProjectSection
EndProject
Project("{8BC9CEB8-8B4A-11D0-8D11-00A0C91BC942}") = "fmt", "KTX-Software\external\fmt\fmt.vcxproj", "{A65E01EF-BDFE-32A9-BFF1-5C3991134757}"
	ProjectSection(ProjectDependencies) = postProject
		{E845294C-5C16-3643-BB11-52941E62E2DB} = {E845294C-5C16-3643-BB11-52941E62E2DB}
	EndProjectSection
EndProject
Project("{8BC9CEB8-8B4A-11D0-8D11-00A0C91BC942}") = "gtest", "KTX-Software\tests\gtest\gtest.vcxproj", "{D86C8AFF-7F06-3816-A8EF-856C1EF5E43E}"
	ProjectSection(ProjectDependencies) = postProject
		{E845294C-5C16-3643-BB11-52941E62E2DB} = {E845294C-5C16-3643-BB11-52941E62E2DB}
	EndProjectSection
EndProject
Project("{8BC9CEB8-8B4A-11D0-8D11-00A0C91BC942}") = "imageio", "KTX-Software\tools\imageio\imageio.vcxproj", "{D29D6319-9272-3DCF-97D6-3421637F733F}"
	ProjectSection(ProjectDependencies) = postProject
		{E845294C-5C16-3643-BB11-52941E62E2DB} = {E845294C-5C16-3643-BB11-52941E62E2DB}
		{A65E01EF-BDFE-32A9-BFF1-5C3991134757} = {A65E01EF-BDFE-32A9-BFF1-5C3991134757}
	EndProjectSection
EndProject
Project("{8BC9CEB8-8B4A-11D0-8D11-00A0C91BC942}") = "ktx", "KTX-Software\ktx.vcxproj", "{FE12834C-15F5-38DD-91CC-63C750492A37}"
	ProjectSection(ProjectDependencies) = postProject
		{E845294C-5C16-3643-BB11-52941E62E2DB} = {E845294C-5C16-3643-BB11-52941E62E2DB}
		{AD2F19D2-D708-34B9-8DA0-03062C43D186} = {AD2F19D2-D708-34B9-8DA0-03062C43D186}
		{069D7932-473C-3A87-A05B-B776814D28AB} = {069D7932-473C-3A87-A05B-B776814D28AB}
	EndProjectSection
EndProject
Project("{8BC9CEB8-8B4A-11D0-8D11-00A0C91BC942}") = "ktx2check", "KTX-Software\tools\ktx2check\ktx2check.vcxproj", "{0648B7A6-D486-3357-B5E6-D770137DA659}"
	ProjectSection(ProjectDependencies) = postProject
		{E845294C-5C16-3643-BB11-52941E62E2DB} = {E845294C-5C16-3643-BB11-52941E62E2DB}
		{FE12834C-15F5-38DD-91CC-63C750492A37} = {FE12834C-15F5-38DD-91CC-63C750492A37}
		{38D51FBB-F777-3935-8329-8DD28D2042C6} = {38D51FBB-F777-3935-8329-8DD28D2042C6}
		{1D2CEC38-7D71-3798-86B4-1F6EF23F78C1} = {1D2CEC38-7D71-3798-86B4-1F6EF23F78C1}
	EndProjectSection
EndProject
Project("{8BC9CEB8-8B4A-11D0-8D11-00A0C91BC942}") = "ktx2check_version", "KTX-Software\tools\ktx2check\ktx2check_version.vcxproj", "{38D51FBB-F777-3935-8329-8DD28D2042C6}"
	ProjectSection(ProjectDependencies) = postProject
		{E845294C-5C16-3643-BB11-52941E62E2DB} = {E845294C-5C16-3643-BB11-52941E62E2DB}
	EndProjectSection
EndProject
Project("{8BC9CEB8-8B4A-11D0-8D11-00A0C91BC942}") = "ktx2ktx2", "KTX-Software\tools\ktx2ktx2\ktx2ktx2.vcxproj", "{B73993F2-BAC6-3F5D-96EF-165872757B61}"
	ProjectSection(ProjectDependencies) = postProject
		{E845294C-5C16-3643-BB11-52941E62E2DB} = {E845294C-5C16-3643-BB11-52941E62E2DB}
		{FE12834C-15F5-38DD-91CC-63C750492A37} = {FE12834C-15F5-38DD-91CC-63C750492A37}
		{4DA4742B-198C-3438-A62F-F31CDC130130} = {4DA4742B-198C-3438-A62F-F31CDC130130}
		{1D2CEC38-7D71-3798-86B4-1F6EF23F78C1} = {1D2CEC38-7D71-3798-86B4-1F6EF23F78C1}
	EndProjectSection
EndProject
Project("{8BC9CEB8-8B4A-11D0-8D11-00A0C91BC942}") = "ktx2ktx2_version", "KTX-Software\tools\ktx2ktx2\ktx2ktx2_version.vcxproj", "{4DA4742B-198C-3438-A62F-F31CDC130130}"
	ProjectSection(ProjectDependencies) = postProject
		{E845294C-5C16-3643-BB11-52941E62E2DB} = {E845294C-5C16-3643-BB11-52941E62E2DB}
	EndProjectSection
EndProject
Project("{8BC9CEB8-8B4A-11D0-8D11-00A0C91BC942}") = "ktx_read", "KTX-Software\ktx_read.vcxproj", "{8170520E-D396-3FB8-8981-5BA3E5C3A98C}"
	ProjectSection(ProjectDependencies) = postProject
		{E845294C-5C16-3643-BB11-52941E62E2DB} = {E845294C-5C16-3643-BB11-52941E62E2DB}
	EndProjectSection
EndProject
Project("{8BC9CEB8-8B4A-11D0-8D11-00A0C91BC942}") = "ktx_version", "KTX-Software\ktx_version.vcxproj", "{069D7932-473C-3A87-A05B-B776814D28AB}"
	ProjectSection(ProjectDependencies) = postProject
		{E845294C-5C16-3643-BB11-52941E62E2DB} = {E845294C-5C16-3643-BB11-52941E62E2DB}
	EndProjectSection
EndProject
Project("{8BC9CEB8-8B4A-11D0-8D11-00A0C91BC942}") = "ktxinfo", "KTX-Software\tools\ktxinfo\ktxinfo.vcxproj", "{0533E638-99A8-3D15-8FE3-993D44D1821D}"
	ProjectSection(ProjectDependencies) = postProject
		{E845294C-5C16-3643-BB11-52941E62E2DB} = {E845294C-5C16-3643-BB11-52941E62E2DB}
		{FE12834C-15F5-38DD-91CC-63C750492A37} = {FE12834C-15F5-38DD-91CC-63C750492A37}
		{EB1F3332-7941-30AF-B091-21CEAFFA5AAE} = {EB1F3332-7941-30AF-B091-21CEAFFA5AAE}
		{1D2CEC38-7D71-3798-86B4-1F6EF23F78C1} = {1D2CEC38-7D71-3798-86B4-1F6EF23F78C1}
	EndProjectSection
EndProject
Project("{8BC9CEB8-8B4A-11D0-8D11-00A0C91BC942}") = "ktxinfo_version", "KTX-Software\tools\ktxinfo\ktxinfo_version.vcxproj", "{EB1F3332-7941-30AF-B091-21CEAFFA5AAE}"
	ProjectSection(ProjectDependencies) = postProject
		{E845294C-5C16-3643-BB11-52941E62E2DB} = {E845294C-5C16-3643-BB11-52941E62E2DB}
	EndProjectSection
EndProject
Project("{8BC9CEB8-8B4A-11D0-8D11-00A0C91BC942}") = "ktxsc", "KTX-Software\tools\ktxsc\ktxsc.vcxproj", "{C1434CE5-FC82-3F1A-8409-2841FC4D3C6D}"
	ProjectSection(ProjectDependencies) = postProject
		{E845294C-5C16-3643-BB11-52941E62E2DB} = {E845294C-5C16-3643-BB11-52941E62E2DB}
		{FE12834C-15F5-38DD-91CC-63C750492A37} = {FE12834C-15F5-38DD-91CC-63C750492A37}
		{B60697C1-4270-39EA-A9F2-100BC524F54C} = {B60697C1-4270-39EA-A9F2-100BC524F54C}
		{1D2CEC38-7D71-3798-86B4-1F6EF23F78C1} = {1D2CEC38-7D71-3798-86B4-1F6EF23F78C1}
	EndProjectSection
EndProject
Project("{8BC9CEB8-8B4A-11D0-8D11-00A0C91BC942}") = "ktxsc_version", "KTX-Software\tools\ktxsc\ktxsc_version.vcxproj", "{B60697C1-4270-39EA-A9F2-100BC524F54C}"
	ProjectSection(ProjectDependencies) = postProject
		{E845294C-5C16-3643-BB11-52941E62E2DB} = {E845294C-5C16-3643-BB11-52941E62E2DB}
	EndProjectSection
EndProject
Project("{8BC9CEB8-8B4A-11D0-8D11-00A0C91BC942}") = "ktxtools", "KTX-Software\tools\ktx\ktxtools.vcxproj", "{C53EE098-A8EE-3E41-9BD9-F6BF1C0901CB}"
	ProjectSection(ProjectDependencies) = postProject
		{E845294C-5C16-3643-BB11-52941E62E2DB} = {E845294C-5C16-3643-BB11-52941E62E2DB}
		{AD2F19D2-D708-34B9-8DA0-03062C43D186} = {AD2F19D2-D708-34B9-8DA0-03062C43D186}
		{A65E01EF-BDFE-32A9-BFF1-5C3991134757} = {A65E01EF-BDFE-32A9-BFF1-5C3991134757}
		{D29D6319-9272-3DCF-97D6-3421637F733F} = {D29D6319-9272-3DCF-97D6-3421637F733F}
		{FE12834C-15F5-38DD-91CC-63C750492A37} = {FE12834C-15F5-38DD-91CC-63C750492A37}
		{193CDF60-8084-3EF3-BBA5-7F19D78BAC4C} = {193CDF60-8084-3EF3-BBA5-7F19D78BAC4C}
		{1D2CEC38-7D71-3798-86B4-1F6EF23F78C1} = {1D2CEC38-7D71-3798-86B4-1F6EF23F78C1}
	EndProjectSection
EndProject
Project("{8BC9CEB8-8B4A-11D0-8D11-00A0C91BC942}") = "ktxtools_version", "KTX-Software\tools\ktx\ktxtools_version.vcxproj", "{193CDF60-8084-3EF3-BBA5-7F19D78BAC4C}"
	ProjectSection(ProjectDependencies) = postProject
		{E845294C-5C16-3643-BB11-52941E62E2DB} = {E845294C-5C16-3643-BB11-52941E62E2DB}
	EndProjectSection
EndProject
Project("{8BC9CEB8-8B4A-11D0-8D11-00A0C91BC942}") = "objUtil", "KTX-Software\objUtil.vcxproj", "{1D2CEC38-7D71-3798-86B4-1F6EF23F78C1}"
	ProjectSection(ProjectDependencies) = postProject
		{E845294C-5C16-3643-BB11-52941E62E2DB} = {E845294C-5C16-3643-BB11-52941E62E2DB}
	EndProjectSection
EndProject
Project("{8BC9CEB8-8B4A-11D0-8D11-00A0C91BC942}") = "obj_basisu_cbind", "KTX-Software\interface\basisu_c_binding\obj_basisu_cbind.vcxproj", "{2E09477A-5290-3AC4-8117-841596EA48EF}"
	ProjectSection(ProjectDependencies) = postProject
		{E845294C-5C16-3643-BB11-52941E62E2DB} = {E845294C-5C16-3643-BB11-52941E62E2DB}
	EndProjectSection
EndProject
Project("{8BC9CEB8-8B4A-11D0-8D11-00A0C91BC942}") = "obj_tmp_basisu", "KTX-Software\tests\transcodetests\obj_tmp_basisu.vcxproj", "{30C355CF-DA82-3DC9-B3B2-CA3B2C4C53F9}"
	ProjectSection(ProjectDependencies) = postProject
		{E845294C-5C16-3643-BB11-52941E62E2DB} = {E845294C-5C16-3643-BB11-52941E62E2DB}
	EndProjectSection
EndProject
Project("{8BC9CEB8-8B4A-11D0-8D11-00A0C91BC942}") = "streamtests", "KTX-Software\tests\streamtests\streamtests.vcxproj", "{69A92B23-D018-32C2-B2D9-A01E439C07DF}"
	ProjectSection(ProjectDependencies) = postProject
		{E845294C-5C16-3643-BB11-52941E62E2DB} = {E845294C-5C16-3643-BB11-52941E62E2DB}
		{D86C8AFF-7F06-3816-A8EF-856C1EF5E43E} = {D86C8AFF-7F06-3816-A8EF-856C1EF5E43E}
		{FE12834C-15F5-38DD-91CC-63C750492A37} = {FE12834C-15F5-38DD-91CC-63C750492A37}
	EndProjectSection
EndProject
Project("{8BC9CEB8-8B4A-11D0-8D11-00A0C91BC942}") = "texturetests", "KTX-Software\tests\texturetests.vcxproj", "{D4FF18A3-73CD-363E-9890-7A8280799134}"
	ProjectSection(ProjectDependencies) = postProject
		{E845294C-5C16-3643-BB11-52941E62E2DB} = {E845294C-5C16-3643-BB11-52941E62E2DB}
		{D86C8AFF-7F06-3816-A8EF-856C1EF5E43E} = {D86C8AFF-7F06-3816-A8EF-856C1EF5E43E}
		{FE12834C-15F5-38DD-91CC-63C750492A37} = {FE12834C-15F5-38DD-91CC-63C750492A37}
	EndProjectSection
EndProject
Project("{8BC9CEB8-8B4A-11D0-8D11-00A0C91BC942}") = "toktx", "KTX-Software\tools\toktx\toktx.vcxproj", "{29282590-F05C-398B-BA72-33F35C4889FC}"
	ProjectSection(ProjectDependencies) = postProject
		{E845294C-5C16-3643-BB11-52941E62E2DB} = {E845294C-5C16-3643-BB11-52941E62E2DB}
		{A65E01EF-BDFE-32A9-BFF1-5C3991134757} = {A65E01EF-BDFE-32A9-BFF1-5C3991134757}
		{D29D6319-9272-3DCF-97D6-3421637F733F} = {D29D6319-9272-3DCF-97D6-3421637F733F}
		{FE12834C-15F5-38DD-91CC-63C750492A37} = {FE12834C-15F5-38DD-91CC-63C750492A37}
		{1D2CEC38-7D71-3798-86B4-1F6EF23F78C1} = {1D2CEC38-7D71-3798-86B4-1F6EF23F78C1}
		{4D1E60C7-477F-371D-BA0B-F5CBB319DE8C} = {4D1E60C7-477F-371D-BA0B-F5CBB319DE8C}
	EndProjectSection
EndProject
Project("{8BC9CEB8-8B4A-11D0-8D11-00A0C91BC942}") = "toktx_version", "KTX-Software\tools\toktx\toktx_version.vcxproj", "{4D1E60C7-477F-371D-BA0B-F5CBB319DE8C}"
	ProjectSection(ProjectDependencies) = postProject
		{E845294C-5C16-3643-BB11-52941E62E2DB} = {E845294C-5C16-3643-BB11-52941E62E2DB}
	EndProjectSection
EndProject
Project("{8BC9CEB8-8B4A-11D0-8D11-00A0C91BC942}") = "transcodetests", "KTX-Software\tests\transcodetests\transcodetests.vcxproj", "{12BA6913-0493-323C-BC5B-9F22DB336958}"
	ProjectSection(ProjectDependencies) = postProject
		{E845294C-5C16-3643-BB11-52941E62E2DB} = {E845294C-5C16-3643-BB11-52941E62E2DB}
		{D86C8AFF-7F06-3816-A8EF-856C1EF5E43E} = {D86C8AFF-7F06-3816-A8EF-856C1EF5E43E}
		{FE12834C-15F5-38DD-91CC-63C750492A37} = {FE12834C-15F5-38DD-91CC-63C750492A37}
		{2E09477A-5290-3AC4-8117-841596EA48EF} = {2E09477A-5290-3AC4-8117-841596EA48EF}
		{30C355CF-DA82-3DC9-B3B2-CA3B2C4C53F9} = {30C355CF-DA82-3DC9-B3B2-CA3B2C4C53F9}
	EndProjectSection
EndProject
Project("{8BC9CEB8-8B4A-11D0-8D11-00A0C91BC942}") = "unittests", "KTX-Software\tests\unittests.vcxproj", "{C8758B0B-F6F4-3845-A697-ED052E581874}"
	ProjectSection(ProjectDependencies) = postProject
		{E845294C-5C16-3643-BB11-52941E62E2DB} = {E845294C-5C16-3643-BB11-52941E62E2DB}
		{A65E01EF-BDFE-32A9-BFF1-5C3991134757} = {A65E01EF-BDFE-32A9-BFF1-5C3991134757}
		{D86C8AFF-7F06-3816-A8EF-856C1EF5E43E} = {D86C8AFF-7F06-3816-A8EF-856C1EF5E43E}
		{FE12834C-15F5-38DD-91CC-63C750492A37} = {FE12834C-15F5-38DD-91CC-63C750492A37}
	EndProjectSection
EndProject
Global
	GlobalSection(SolutionConfigurationPlatforms) = preSolution
		Debug|x64 = Debug|x64
		Release|x64 = Release|x64
		MinSizeRel|x64 = MinSizeRel|x64
		RelWithDebInfo|x64 = RelWithDebInfo|x64
	EndGlobalSection
	GlobalSection(ProjectConfigurationPlatforms) = postSolution
		{75F6964D-0D94-3995-A8CD-96B1EA666FA2}.Debug|x64.ActiveCfg = Debug|x64
		{75F6964D-0D94-3995-A8CD-96B1EA666FA2}.Debug|x64.Build.0 = Debug|x64
		{75F6964D-0D94-3995-A8CD-96B1EA666FA2}.Release|x64.ActiveCfg = Release|x64
		{75F6964D-0D94-3995-A8CD-96B1EA666FA2}.Release|x64.Build.0 = Release|x64
		{75F6964D-0D94-3995-A8CD-96B1EA666FA2}.MinSizeRel|x64.ActiveCfg = MinSizeRel|x64
		{75F6964D-0D94-3995-A8CD-96B1EA666FA2}.MinSizeRel|x64.Build.0 = MinSizeRel|x64
		{75F6964D-0D94-3995-A8CD-96B1EA666FA2}.RelWithDebInfo|x64.ActiveCfg = RelWithDebInfo|x64
		{75F6964D-0D94-3995-A8CD-96B1EA666FA2}.RelWithDebInfo|x64.Build.0 = RelWithDebInfo|x64
		{303AA0F8-EA5B-3926-B56C-50231A4D6E38}.Debug|x64.ActiveCfg = Debug|x64
		{303AA0F8-EA5B-3926-B56C-50231A4D6E38}.Release|x64.ActiveCfg = Release|x64
		{303AA0F8-EA5B-3926-B56C-50231A4D6E38}.MinSizeRel|x64.ActiveCfg = MinSizeRel|x64
		{303AA0F8-EA5B-3926-B56C-50231A4D6E38}.RelWithDebInfo|x64.ActiveCfg = RelWithDebInfo|x64
		{05367966-DD46-3D07-8D02-F730C6160577}.Debug|x64.ActiveCfg = Debug|x64
		{05367966-DD46-3D07-8D02-F730C6160577}.Release|x64.ActiveCfg = Release|x64
		{05367966-DD46-3D07-8D02-F730C6160577}.MinSizeRel|x64.ActiveCfg = MinSizeRel|x64
		{05367966-DD46-3D07-8D02-F730C6160577}.RelWithDebInfo|x64.ActiveCfg = RelWithDebInfo|x64
		{3BDBF6E9-DA8F-3852-84A9-EBE682B7B173}.Debug|x64.ActiveCfg = Debug|x64
		{3BDBF6E9-DA8F-3852-84A9-EBE682B7B173}.Release|x64.ActiveCfg = Release|x64
		{3BDBF6E9-DA8F-3852-84A9-EBE682B7B173}.MinSizeRel|x64.ActiveCfg = MinSizeRel|x64
		{3BDBF6E9-DA8F-3852-84A9-EBE682B7B173}.RelWithDebInfo|x64.ActiveCfg = RelWithDebInfo|x64
		{254B4620-B50C-3BF8-8853-9F4C2AE420FC}.Debug|x64.ActiveCfg = Debug|x64
		{254B4620-B50C-3BF8-8853-9F4C2AE420FC}.Release|x64.ActiveCfg = Release|x64
		{254B4620-B50C-3BF8-8853-9F4C2AE420FC}.MinSizeRel|x64.ActiveCfg = MinSizeRel|x64
		{254B4620-B50C-3BF8-8853-9F4C2AE420FC}.RelWithDebInfo|x64.ActiveCfg = RelWithDebInfo|x64
		{C1CDCC50-D7A3-37FE-B8E3-9D48A068F44A}.Debug|x64.ActiveCfg = Debug|x64
		{C1CDCC50-D7A3-37FE-B8E3-9D48A068F44A}.Release|x64.ActiveCfg = Release|x64
		{C1CDCC50-D7A3-37FE-B8E3-9D48A068F44A}.MinSizeRel|x64.ActiveCfg = MinSizeRel|x64
		{C1CDCC50-D7A3-37FE-B8E3-9D48A068F44A}.RelWithDebInfo|x64.ActiveCfg = RelWithDebInfo|x64
		{8A4AC721-1AFA-3A86-8E6A-7C73B176376A}.Debug|x64.ActiveCfg = Debug|x64
		{8A4AC721-1AFA-3A86-8E6A-7C73B176376A}.Release|x64.ActiveCfg = Release|x64
		{8A4AC721-1AFA-3A86-8E6A-7C73B176376A}.MinSizeRel|x64.ActiveCfg = MinSizeRel|x64
		{8A4AC721-1AFA-3A86-8E6A-7C73B176376A}.RelWithDebInfo|x64.ActiveCfg = RelWithDebInfo|x64
		{E845294C-5C16-3643-BB11-52941E62E2DB}.Debug|x64.ActiveCfg = Debug|x64
		{E845294C-5C16-3643-BB11-52941E62E2DB}.Debug|x64.Build.0 = Debug|x64
		{E845294C-5C16-3643-BB11-52941E62E2DB}.Release|x64.ActiveCfg = Release|x64
		{E845294C-5C16-3643-BB11-52941E62E2DB}.Release|x64.Build.0 = Release|x64
		{E845294C-5C16-3643-BB11-52941E62E2DB}.MinSizeRel|x64.ActiveCfg = MinSizeRel|x64
		{E845294C-5C16-3643-BB11-52941E62E2DB}.MinSizeRel|x64.Build.0 = MinSizeRel|x64
		{E845294C-5C16-3643-BB11-52941E62E2DB}.RelWithDebInfo|x64.ActiveCfg = RelWithDebInfo|x64
		{E845294C-5C16-3643-BB11-52941E62E2DB}.RelWithDebInfo|x64.Build.0 = RelWithDebInfo|x64
		{AD2F19D2-D708-34B9-8DA0-03062C43D186}.Debug|x64.ActiveCfg = Debug|x64
		{AD2F19D2-D708-34B9-8DA0-03062C43D186}.Debug|x64.Build.0 = Debug|x64
		{AD2F19D2-D708-34B9-8DA0-03062C43D186}.Release|x64.ActiveCfg = Release|x64
		{AD2F19D2-D708-34B9-8DA0-03062C43D186}.Release|x64.Build.0 = Release|x64
		{AD2F19D2-D708-34B9-8DA0-03062C43D186}.MinSizeRel|x64.ActiveCfg = MinSizeRel|x64
		{AD2F19D2-D708-34B9-8DA0-03062C43D186}.MinSizeRel|x64.Build.0 = MinSizeRel|x64
		{AD2F19D2-D708-34B9-8DA0-03062C43D186}.RelWithDebInfo|x64.ActiveCfg = RelWithDebInfo|x64
		{AD2F19D2-D708-34B9-8DA0-03062C43D186}.RelWithDebInfo|x64.Build.0 = RelWithDebInfo|x64
		{A65E01EF-BDFE-32A9-BFF1-5C3991134757}.Debug|x64.ActiveCfg = Debug|x64
		{A65E01EF-BDFE-32A9-BFF1-5C3991134757}.Debug|x64.Build.0 = Debug|x64
		{A65E01EF-BDFE-32A9-BFF1-5C3991134757}.Release|x64.ActiveCfg = Release|x64
		{A65E01EF-BDFE-32A9-BFF1-5C3991134757}.Release|x64.Build.0 = Release|x64
		{A65E01EF-BDFE-32A9-BFF1-5C3991134757}.MinSizeRel|x64.ActiveCfg = MinSizeRel|x64
		{A65E01EF-BDFE-32A9-BFF1-5C3991134757}.MinSizeRel|x64.Build.0 = MinSizeRel|x64
		{A65E01EF-BDFE-32A9-BFF1-5C3991134757}.RelWithDebInfo|x64.ActiveCfg = RelWithDebInfo|x64
		{A65E01EF-BDFE-32A9-BFF1-5C3991134757}.RelWithDebInfo|x64.Build.0 = RelWithDebInfo|x64
		{D86C8AFF-7F06-3816-A8EF-856C1EF5E43E}.Debug|x64.ActiveCfg = Debug|x64
		{D86C8AFF-7F06-3816-A8EF-856C1EF5E43E}.Debug|x64.Build.0 = Debug|x64
		{D86C8AFF-7F06-3816-A8EF-856C1EF5E43E}.Release|x64.ActiveCfg = Release|x64
		{D86C8AFF-7F06-3816-A8EF-856C1EF5E43E}.Release|x64.Build.0 = Release|x64
		{D86C8AFF-7F06-3816-A8EF-856C1EF5E43E}.MinSizeRel|x64.ActiveCfg = MinSizeRel|x64
		{D86C8AFF-7F06-3816-A8EF-856C1EF5E43E}.MinSizeRel|x64.Build.0 = MinSizeRel|x64
		{D86C8AFF-7F06-3816-A8EF-856C1EF5E43E}.RelWithDebInfo|x64.ActiveCfg = RelWithDebInfo|x64
		{D86C8AFF-7F06-3816-A8EF-856C1EF5E43E}.RelWithDebInfo|x64.Build.0 = RelWithDebInfo|x64
		{D29D6319-9272-3DCF-97D6-3421637F733F}.Debug|x64.ActiveCfg = Debug|x64
		{D29D6319-9272-3DCF-97D6-3421637F733F}.Debug|x64.Build.0 = Debug|x64
		{D29D6319-9272-3DCF-97D6-3421637F733F}.Release|x64.ActiveCfg = Release|x64
		{D29D6319-9272-3DCF-97D6-3421637F733F}.Release|x64.Build.0 = Release|x64
		{D29D6319-9272-3DCF-97D6-3421637F733F}.MinSizeRel|x64.ActiveCfg = MinSizeRel|x64
		{D29D6319-9272-3DCF-97D6-3421637F733F}.MinSizeRel|x64.Build.0 = MinSizeRel|x64
		{D29D6319-9272-3DCF-97D6-3421637F733F}.RelWithDebInfo|x64.ActiveCfg = RelWithDebInfo|x64
		{D29D6319-9272-3DCF-97D6-3421637F733F}.RelWithDebInfo|x64.Build.0 = RelWithDebInfo|x64
		{FE12834C-15F5-38DD-91CC-63C750492A37}.Debug|x64.ActiveCfg = Debug|x64
		{FE12834C-15F5-38DD-91CC-63C750492A37}.Debug|x64.Build.0 = Debug|x64
		{FE12834C-15F5-38DD-91CC-63C750492A37}.Release|x64.ActiveCfg = Release|x64
		{FE12834C-15F5-38DD-91CC-63C750492A37}.Release|x64.Build.0 = Release|x64
		{FE12834C-15F5-38DD-91CC-63C750492A37}.MinSizeRel|x64.ActiveCfg = MinSizeRel|x64
		{FE12834C-15F5-38DD-91CC-63C750492A37}.MinSizeRel|x64.Build.0 = MinSizeRel|x64
		{FE12834C-15F5-38DD-91CC-63C750492A37}.RelWithDebInfo|x64.ActiveCfg = RelWithDebInfo|x64
		{FE12834C-15F5-38DD-91CC-63C750492A37}.RelWithDebInfo|x64.Build.0 = RelWithDebInfo|x64
		{0648B7A6-D486-3357-B5E6-D770137DA659}.Debug|x64.ActiveCfg = Debug|x64
		{0648B7A6-D486-3357-B5E6-D770137DA659}.Debug|x64.Build.0 = Debug|x64
		{0648B7A6-D486-3357-B5E6-D770137DA659}.Release|x64.ActiveCfg = Release|x64
		{0648B7A6-D486-3357-B5E6-D770137DA659}.Release|x64.Build.0 = Release|x64
		{0648B7A6-D486-3357-B5E6-D770137DA659}.MinSizeRel|x64.ActiveCfg = MinSizeRel|x64
		{0648B7A6-D486-3357-B5E6-D770137DA659}.MinSizeRel|x64.Build.0 = MinSizeRel|x64
		{0648B7A6-D486-3357-B5E6-D770137DA659}.RelWithDebInfo|x64.ActiveCfg = RelWithDebInfo|x64
		{0648B7A6-D486-3357-B5E6-D770137DA659}.RelWithDebInfo|x64.Build.0 = RelWithDebInfo|x64
		{38D51FBB-F777-3935-8329-8DD28D2042C6}.Debug|x64.ActiveCfg = Debug|x64
		{38D51FBB-F777-3935-8329-8DD28D2042C6}.Debug|x64.Build.0 = Debug|x64
		{38D51FBB-F777-3935-8329-8DD28D2042C6}.Release|x64.ActiveCfg = Release|x64
		{38D51FBB-F777-3935-8329-8DD28D2042C6}.Release|x64.Build.0 = Release|x64
		{38D51FBB-F777-3935-8329-8DD28D2042C6}.MinSizeRel|x64.ActiveCfg = MinSizeRel|x64
		{38D51FBB-F777-3935-8329-8DD28D2042C6}.MinSizeRel|x64.Build.0 = MinSizeRel|x64
		{38D51FBB-F777-3935-8329-8DD28D2042C6}.RelWithDebInfo|x64.ActiveCfg = RelWithDebInfo|x64
		{38D51FBB-F777-3935-8329-8DD28D2042C6}.RelWithDebInfo|x64.Build.0 = RelWithDebInfo|x64
		{B73993F2-BAC6-3F5D-96EF-165872757B61}.Debug|x64.ActiveCfg = Debug|x64
		{B73993F2-BAC6-3F5D-96EF-165872757B61}.Debug|x64.Build.0 = Debug|x64
		{B73993F2-BAC6-3F5D-96EF-165872757B61}.Release|x64.ActiveCfg = Release|x64
		{B73993F2-BAC6-3F5D-96EF-165872757B61}.Release|x64.Build.0 = Release|x64
		{B73993F2-BAC6-3F5D-96EF-165872757B61}.MinSizeRel|x64.ActiveCfg = MinSizeRel|x64
		{B73993F2-BAC6-3F5D-96EF-165872757B61}.MinSizeRel|x64.Build.0 = MinSizeRel|x64
		{B73993F2-BAC6-3F5D-96EF-165872757B61}.RelWithDebInfo|x64.ActiveCfg = RelWithDebInfo|x64
		{B73993F2-BAC6-3F5D-96EF-165872757B61}.RelWithDebInfo|x64.Build.0 = RelWithDebInfo|x64
		{4DA4742B-198C-3438-A62F-F31CDC130130}.Debug|x64.ActiveCfg = Debug|x64
		{4DA4742B-198C-3438-A62F-F31CDC130130}.Debug|x64.Build.0 = Debug|x64
		{4DA4742B-198C-3438-A62F-F31CDC130130}.Release|x64.ActiveCfg = Release|x64
		{4DA4742B-198C-3438-A62F-F31CDC130130}.Release|x64.Build.0 = Release|x64
		{4DA4742B-198C-3438-A62F-F31CDC130130}.MinSizeRel|x64.ActiveCfg = MinSizeRel|x64
		{4DA4742B-198C-3438-A62F-F31CDC130130}.MinSizeRel|x64.Build.0 = MinSizeRel|x64
		{4DA4742B-198C-3438-A62F-F31CDC130130}.RelWithDebInfo|x64.ActiveCfg = RelWithDebInfo|x64
		{4DA4742B-198C-3438-A62F-F31CDC130130}.RelWithDebInfo|x64.Build.0 = RelWithDebInfo|x64
		{8170520E-D396-3FB8-8981-5BA3E5C3A98C}.Debug|x64.ActiveCfg = Debug|x64
		{8170520E-D396-3FB8-8981-5BA3E5C3A98C}.Debug|x64.Build.0 = Debug|x64
		{8170520E-D396-3FB8-8981-5BA3E5C3A98C}.Release|x64.ActiveCfg = Release|x64
		{8170520E-D396-3FB8-8981-5BA3E5C3A98C}.Release|x64.Build.0 = Release|x64
		{8170520E-D396-3FB8-8981-5BA3E5C3A98C}.MinSizeRel|x64.ActiveCfg = MinSizeRel|x64
		{8170520E-D396-3FB8-8981-5BA3E5C3A98C}.MinSizeRel|x64.Build.0 = MinSizeRel|x64
		{8170520E-D396-3FB8-8981-5BA3E5C3A98C}.RelWithDebInfo|x64.ActiveCfg = RelWithDebInfo|x64
		{8170520E-D396-3FB8-8981-5BA3E5C3A98C}.RelWithDebInfo|x64.Build.0 = RelWithDebInfo|x64
		{069D7932-473C-3A87-A05B-B776814D28AB}.Debug|x64.ActiveCfg = Debug|x64
		{069D7932-473C-3A87-A05B-B776814D28AB}.Debug|x64.Build.0 = Debug|x64
		{069D7932-473C-3A87-A05B-B776814D28AB}.Release|x64.ActiveCfg = Release|x64
		{069D7932-473C-3A87-A05B-B776814D28AB}.Release|x64.Build.0 = Release|x64
		{069D7932-473C-3A87-A05B-B776814D28AB}.MinSizeRel|x64.ActiveCfg = MinSizeRel|x64
		{069D7932-473C-3A87-A05B-B776814D28AB}.MinSizeRel|x64.Build.0 = MinSizeRel|x64
		{069D7932-473C-3A87-A05B-B776814D28AB}.RelWithDebInfo|x64.ActiveCfg = RelWithDebInfo|x64
		{069D7932-473C-3A87-A05B-B776814D28AB}.RelWithDebInfo|x64.Build.0 = RelWithDebInfo|x64
		{0533E638-99A8-3D15-8FE3-993D44D1821D}.Debug|x64.ActiveCfg = Debug|x64
		{0533E638-99A8-3D15-8FE3-993D44D1821D}.Debug|x64.Build.0 = Debug|x64
		{0533E638-99A8-3D15-8FE3-993D44D1821D}.Release|x64.ActiveCfg = Release|x64
		{0533E638-99A8-3D15-8FE3-993D44D1821D}.Release|x64.Build.0 = Release|x64
		{0533E638-99A8-3D15-8FE3-993D44D1821D}.MinSizeRel|x64.ActiveCfg = MinSizeRel|x64
		{0533E638-99A8-3D15-8FE3-993D44D1821D}.MinSizeRel|x64.Build.0 = MinSizeRel|x64
		{0533E638-99A8-3D15-8FE3-993D44D1821D}.RelWithDebInfo|x64.ActiveCfg = RelWithDebInfo|x64
		{0533E638-99A8-3D15-8FE3-993D44D1821D}.RelWithDebInfo|x64.Build.0 = RelWithDebInfo|x64
		{EB1F3332-7941-30AF-B091-21CEAFFA5AAE}.Debug|x64.ActiveCfg = Debug|x64
		{EB1F3332-7941-30AF-B091-21CEAFFA5AAE}.Debug|x64.Build.0 = Debug|x64
		{EB1F3332-7941-30AF-B091-21CEAFFA5AAE}.Release|x64.ActiveCfg = Release|x64
		{EB1F3332-7941-30AF-B091-21CEAFFA5AAE}.Release|x64.Build.0 = Release|x64
		{EB1F3332-7941-30AF-B091-21CEAFFA5AAE}.MinSizeRel|x64.ActiveCfg = MinSizeRel|x64
		{EB1F3332-7941-30AF-B091-21CEAFFA5AAE}.MinSizeRel|x64.Build.0 = MinSizeRel|x64
		{EB1F3332-7941-30AF-B091-21CEAFFA5AAE}.RelWithDebInfo|x64.ActiveCfg = RelWithDebInfo|x64
		{EB1F3332-7941-30AF-B091-21CEAFFA5AAE}.RelWithDebInfo|x64.Build.0 = RelWithDebInfo|x64
		{C1434CE5-FC82-3F1A-8409-2841FC4D3C6D}.Debug|x64.ActiveCfg = Debug|x64
		{C1434CE5-FC82-3F1A-8409-2841FC4D3C6D}.Debug|x64.Build.0 = Debug|x64
		{C1434CE5-FC82-3F1A-8409-2841FC4D3C6D}.Release|x64.ActiveCfg = Release|x64
		{C1434CE5-FC82-3F1A-8409-2841FC4D3C6D}.Release|x64.Build.0 = Release|x64
		{C1434CE5-FC82-3F1A-8409-2841FC4D3C6D}.MinSizeRel|x64.ActiveCfg = MinSizeRel|x64
		{C1434CE5-FC82-3F1A-8409-2841FC4D3C6D}.MinSizeRel|x64.Build.0 = MinSizeRel|x64
		{C1434CE5-FC82-3F1A-8409-2841FC4D3C6D}.RelWithDebInfo|x64.ActiveCfg = RelWithDebInfo|x64
		{C1434CE5-FC82-3F1A-8409-2841FC4D3C6D}.RelWithDebInfo|x64.Build.0 = RelWithDebInfo|x64
		{B60697C1-4270-39EA-A9F2-100BC524F54C}.Debug|x64.ActiveCfg = Debug|x64
		{B60697C1-4270-39EA-A9F2-100BC524F54C}.Debug|x64.Build.0 = Debug|x64
		{B60697C1-4270-39EA-A9F2-100BC524F54C}.Release|x64.ActiveCfg = Release|x64
		{B60697C1-4270-39EA-A9F2-100BC524F54C}.Release|x64.Build.0 = Release|x64
		{B60697C1-4270-39EA-A9F2-100BC524F54C}.MinSizeRel|x64.ActiveCfg = MinSizeRel|x64
		{B60697C1-4270-39EA-A9F2-100BC524F54C}.MinSizeRel|x64.Build.0 = MinSizeRel|x64
		{B60697C1-4270-39EA-A9F2-100BC524F54C}.RelWithDebInfo|x64.ActiveCfg = RelWithDebInfo|x64
		{B60697C1-4270-39EA-A9F2-100BC524F54C}.RelWithDebInfo|x64.Build.0 = RelWithDebInfo|x64
		{C53EE098-A8EE-3E41-9BD9-F6BF1C0901CB}.Debug|x64.ActiveCfg = Debug|x64
		{C53EE098-A8EE-3E41-9BD9-F6BF1C0901CB}.Debug|x64.Build.0 = Debug|x64
		{C53EE098-A8EE-3E41-9BD9-F6BF1C0901CB}.Release|x64.ActiveCfg = Release|x64
		{C53EE098-A8EE-3E41-9BD9-F6BF1C0901CB}.Release|x64.Build.0 = Release|x64
		{C53EE098-A8EE-3E41-9BD9-F6BF1C0901CB}.MinSizeRel|x64.ActiveCfg = MinSizeRel|x64
		{C53EE098-A8EE-3E41-9BD9-F6BF1C0901CB}.MinSizeRel|x64.Build.0 = MinSizeRel|x64
		{C53EE098-A8EE-3E41-9BD9-F6BF1C0901CB}.RelWithDebInfo|x64.ActiveCfg = RelWithDebInfo|x64
		{C53EE098-A8EE-3E41-9BD9-F6BF1C0901CB}.RelWithDebInfo|x64.Build.0 = RelWithDebInfo|x64
		{193CDF60-8084-3EF3-BBA5-7F19D78BAC4C}.Debug|x64.ActiveCfg = Debug|x64
		{193CDF60-8084-3EF3-BBA5-7F19D78BAC4C}.Debug|x64.Build.0 = Debug|x64
		{193CDF60-8084-3EF3-BBA5-7F19D78BAC4C}.Release|x64.ActiveCfg = Release|x64
		{193CDF60-8084-3EF3-BBA5-7F19D78BAC4C}.Release|x64.Build.0 = Release|x64
		{193CDF60-8084-3EF3-BBA5-7F19D78BAC4C}.MinSizeRel|x64.ActiveCfg = MinSizeRel|x64
		{193CDF60-8084-3EF3-BBA5-7F19D78BAC4C}.MinSizeRel|x64.Build.0 = MinSizeRel|x64
		{193CDF60-8084-3EF3-BBA5-7F19D78BAC4C}.RelWithDebInfo|x64.ActiveCfg = RelWithDebInfo|x64
		{193CDF60-8084-3EF3-BBA5-7F19D78BAC4C}.RelWithDebInfo|x64.Build.0 = RelWithDebInfo|x64
		{1D2CEC38-7D71-3798-86B4-1F6EF23F78C1}.Debug|x64.ActiveCfg = Debug|x64
		{1D2CEC38-7D71-3798-86B4-1F6EF23F78C1}.Debug|x64.Build.0 = Debug|x64
		{1D2CEC38-7D71-3798-86B4-1F6EF23F78C1}.Release|x64.ActiveCfg = Release|x64
		{1D2CEC38-7D71-3798-86B4-1F6EF23F78C1}.Release|x64.Build.0 = Release|x64
		{1D2CEC38-7D71-3798-86B4-1F6EF23F78C1}.MinSizeRel|x64.ActiveCfg = MinSizeRel|x64
		{1D2CEC38-7D71-3798-86B4-1F6EF23F78C1}.MinSizeRel|x64.Build.0 = MinSizeRel|x64
		{1D2CEC38-7D71-3798-86B4-1F6EF23F78C1}.RelWithDebInfo|x64.ActiveCfg = RelWithDebInfo|x64
		{1D2CEC38-7D71-3798-86B4-1F6EF23F78C1}.RelWithDebInfo|x64.Build.0 = RelWithDebInfo|x64
		{2E09477A-5290-3AC4-8117-841596EA48EF}.Debug|x64.ActiveCfg = Debug|x64
		{2E09477A-5290-3AC4-8117-841596EA48EF}.Debug|x64.Build.0 = Debug|x64
		{2E09477A-5290-3AC4-8117-841596EA48EF}.Release|x64.ActiveCfg = Release|x64
		{2E09477A-5290-3AC4-8117-841596EA48EF}.Release|x64.Build.0 = Release|x64
		{2E09477A-5290-3AC4-8117-841596EA48EF}.MinSizeRel|x64.ActiveCfg = MinSizeRel|x64
		{2E09477A-5290-3AC4-8117-841596EA48EF}.MinSizeRel|x64.Build.0 = MinSizeRel|x64
		{2E09477A-5290-3AC4-8117-841596EA48EF}.RelWithDebInfo|x64.ActiveCfg = RelWithDebInfo|x64
		{2E09477A-5290-3AC4-8117-841596EA48EF}.RelWithDebInfo|x64.Build.0 = RelWithDebInfo|x64
		{30C355CF-DA82-3DC9-B3B2-CA3B2C4C53F9}.Debug|x64.ActiveCfg = Debug|x64
		{30C355CF-DA82-3DC9-B3B2-CA3B2C4C53F9}.Debug|x64.Build.0 = Debug|x64
		{30C355CF-DA82-3DC9-B3B2-CA3B2C4C53F9}.Release|x64.ActiveCfg = Release|x64
		{30C355CF-DA82-3DC9-B3B2-CA3B2C4C53F9}.Release|x64.Build.0 = Release|x64
		{30C355CF-DA82-3DC9-B3B2-CA3B2C4C53F9}.MinSizeRel|x64.ActiveCfg = MinSizeRel|x64
		{30C355CF-DA82-3DC9-B3B2-CA3B2C4C53F9}.MinSizeRel|x64.Build.0 = MinSizeRel|x64
		{30C355CF-DA82-3DC9-B3B2-CA3B2C4C53F9}.RelWithDebInfo|x64.ActiveCfg = RelWithDebInfo|x64
		{30C355CF-DA82-3DC9-B3B2-CA3B2C4C53F9}.RelWithDebInfo|x64.Build.0 = RelWithDebInfo|x64
		{69A92B23-D018-32C2-B2D9-A01E439C07DF}.Debug|x64.ActiveCfg = Debug|x64
		{69A92B23-D018-32C2-B2D9-A01E439C07DF}.Debug|x64.Build.0 = Debug|x64
		{69A92B23-D018-32C2-B2D9-A01E439C07DF}.Release|x64.ActiveCfg = Release|x64
		{69A92B23-D018-32C2-B2D9-A01E439C07DF}.Release|x64.Build.0 = Release|x64
		{69A92B23-D018-32C2-B2D9-A01E439C07DF}.MinSizeRel|x64.ActiveCfg = MinSizeRel|x64
		{69A92B23-D018-32C2-B2D9-A01E439C07DF}.MinSizeRel|x64.Build.0 = MinSizeRel|x64
		{69A92B23-D018-32C2-B2D9-A01E439C07DF}.RelWithDebInfo|x64.ActiveCfg = RelWithDebInfo|x64
		{69A92B23-D018-32C2-B2D9-A01E439C07DF}.RelWithDebInfo|x64.Build.0 = RelWithDebInfo|x64
		{D4FF18A3-73CD-363E-9890-7A8280799134}.Debug|x64.ActiveCfg = Debug|x64
		{D4FF18A3-73CD-363E-9890-7A8280799134}.Debug|x64.Build.0 = Debug|x64
		{D4FF18A3-73CD-363E-9890-7A8280799134}.Release|x64.ActiveCfg = Release|x64
		{D4FF18A3-73CD-363E-9890-7A8280799134}.Release|x64.Build.0 = Release|x64
		{D4FF18A3-73CD-363E-9890-7A8280799134}.MinSizeRel|x64.ActiveCfg = MinSizeRel|x64
		{D4FF18A3-73CD-363E-9890-7A8280799134}.MinSizeRel|x64.Build.0 = MinSizeRel|x64
		{D4FF18A3-73CD-363E-9890-7A8280799134}.RelWithDebInfo|x64.ActiveCfg = RelWithDebInfo|x64
		{D4FF18A3-73CD-363E-9890-7A8280799134}.RelWithDebInfo|x64.Build.0 = RelWithDebInfo|x64
		{29282590-F05C-398B-BA72-33F35C4889FC}.Debug|x64.ActiveCfg = Debug|x64
		{29282590-F05C-398B-BA72-33F35C4889FC}.Debug|x64.Build.0 = Debug|x64
		{29282590-F05C-398B-BA72-33F35C4889FC}.Release|x64.ActiveCfg = Release|x64
		{29282590-F05C-398B-BA72-33F35C4889FC}.Release|x64.Build.0 = Release|x64
		{29282590-F05C-398B-BA72-33F35C4889FC}.MinSizeRel|x64.ActiveCfg = MinSizeRel|x64
		{29282590-F05C-398B-BA72-33F35C4889FC}.MinSizeRel|x64.Build.0 = MinSizeRel|x64
		{29282590-F05C-398B-BA72-33F35C4889FC}.RelWithDebInfo|x64.ActiveCfg = RelWithDebInfo|x64
		{29282590-F05C-398B-BA72-33F35C4889FC}.RelWithDebInfo|x64.Build.0 = RelWithDebInfo|x64
		{4D1E60C7-477F-371D-BA0B-F5CBB319DE8C}.Debug|x64.ActiveCfg = Debug|x64
		{4D1E60C7-477F-371D-BA0B-F5CBB319DE8C}.Debug|x64.Build.0 = Debug|x64
		{4D1E60C7-477F-371D-BA0B-F5CBB319DE8C}.Release|x64.ActiveCfg = Release|x64
		{4D1E60C7-477F-371D-BA0B-F5CBB319DE8C}.Release|x64.Build.0 = Release|x64
		{4D1E60C7-477F-371D-BA0B-F5CBB319DE8C}.MinSizeRel|x64.ActiveCfg = MinSizeRel|x64
		{4D1E60C7-477F-371D-BA0B-F5CBB319DE8C}.MinSizeRel|x64.Build.0 = MinSizeRel|x64
		{4D1E60C7-477F-371D-BA0B-F5CBB319DE8C}.RelWithDebInfo|x64.ActiveCfg = RelWithDebInfo|x64
		{4D1E60C7-477F-371D-BA0B-F5CBB319DE8C}.RelWithDebInfo|x64.Build.0 = RelWithDebInfo|x64
		{12BA6913-0493-323C-BC5B-9F22DB336958}.Debug|x64.ActiveCfg = Debug|x64
		{12BA6913-0493-323C-BC5B-9F22DB336958}.Debug|x64.Build.0 = Debug|x64
		{12BA6913-0493-323C-BC5B-9F22DB336958}.Release|x64.ActiveCfg = Release|x64
		{12BA6913-0493-323C-BC5B-9F22DB336958}.Release|x64.Build.0 = Release|x64
		{12BA6913-0493-323C-BC5B-9F22DB336958}.MinSizeRel|x64.ActiveCfg = MinSizeRel|x64
		{12BA6913-0493-323C-BC5B-9F22DB336958}.MinSizeRel|x64.Build.0 = MinSizeRel|x64
		{12BA6913-0493-323C-BC5B-9F22DB336958}.RelWithDebInfo|x64.ActiveCfg = RelWithDebInfo|x64
		{12BA6913-0493-323C-BC5B-9F22DB336958}.RelWithDebInfo|x64.Build.0 = RelWithDebInfo|x64
		{C8758B0B-F6F4-3845-A697-ED052E581874}.Debug|x64.ActiveCfg = Debug|x64
		{C8758B0B-F6F4-3845-A697-ED052E581874}.Debug|x64.Build.0 = Debug|x64
		{C8758B0B-F6F4-3845-A697-ED052E581874}.Release|x64.ActiveCfg = Release|x64
		{C8758B0B-F6F4-3845-A697-ED052E581874}.Release|x64.Build.0 = Release|x64
		{C8758B0B-F6F4-3845-A697-ED052E581874}.MinSizeRel|x64.ActiveCfg = MinSizeRel|x64
		{C8758B0B-F6F4-3845-A697-ED052E581874}.MinSizeRel|x64.Build.0 = MinSizeRel|x64
		{C8758B0B-F6F4-3845-A697-ED052E581874}.RelWithDebInfo|x64.ActiveCfg = RelWithDebInfo|x64
		{C8758B0B-F6F4-3845-A697-ED052E581874}.RelWithDebInfo|x64.Build.0 = RelWithDebInfo|x64
	EndGlobalSection
	GlobalSection(ExtensibilityGlobals) = postSolution
		SolutionGuid = {90FA264C-48E5-3902-ACAF-BB4A33FFEF6F}
	EndGlobalSection
	GlobalSection(ExtensibilityAddIns) = postSolution
	EndGlobalSection
EndGlobal
