<?xml version="1.0" encoding="utf-8"?>
<Project ToolsVersion="17.0" xmlns="http://schemas.microsoft.com/developer/msbuild/2003">
  <ItemGroup>
    <CustomBuild Include="C:\Users\camilo\lowland\main\port\graphics3d\KTX\CMakeFiles\e1fce27deebcb317465274b4f43b83b9\INSTALL_force.rule">
      <Filter>CMake Rules</Filter>
    </CustomBuild>
  </ItemGroup>
  <ItemGroup>
    <Filter Include="CMake Rules">
      <UniqueIdentifier>{B46FCD95-B33B-3F99-B033-AB7340B8D9BF}</UniqueIdentifier>
    </Filter>
  </ItemGroup>
</Project>
