
Microsoft Visual Studio Solution File, Format Version 12.00
# Visual Studio Version 17
Project("{8BC9CEB8-8B4A-11D0-8D11-00A0C91BC942}") = "ALL_BUILD", "ALL_BUILD.vcxproj", "{19D6B396-A08D-39D9-A3CA-93E76395505B}"
	ProjectSection(ProjectDependencies) = postProject
		{87445F3A-4D4F-3FA7-AD77-CE7BC72AF041} = {87445F3A-4D4F-3FA7-AD77-CE7BC72AF041}
		{BC7E1983-1F04-3D10-9C76-519D303C89C8} = {BC7E1983-1F04-3D10-9C76-519D303C89C8}
		{49BE604A-FAC0-3C04-A232-2DD2F0E70B0D} = {49BE604A-FAC0-3C04-A232-2DD2F0E70B0D}
		{F77CAA95-9DFB-302B-8CA2-EEF5CD5A5266} = {F77CAA95-9DFB-302B-8CA2-EEF5CD5A5266}
		{449705F9-BCA9-3094-ADF7-757A57E54409} = {449705F9-BCA9-3094-ADF7-757A57E54409}
		{D47A3165-F57B-3877-912F-A9725CB67EDA} = {D47A3165-F57B-3877-912F-A9725CB67EDA}
		{410889A8-1871-34A8-9652-D7D964D9F496} = {410889A8-1871-34A8-9652-D7D964D9F496}
		{2C44FF04-A050-3487-AAF2-71C6A9A6D67E} = {2C44FF04-A050-3487-AAF2-71C6A9A6D67E}
		{1C753D81-2805-3E33-BAF9-A4ADA1A9157A} = {1C753D81-2805-3E33-BAF9-A4ADA1A9157A}
		{3F5FCA04-50E2-33A4-B72A-6D0F739BC495} = {3F5FCA04-50E2-33A4-B72A-6D0F739BC495}
		{72A082F5-FA19-3ECF-8AC5-D1411862C44E} = {72A082F5-FA19-3ECF-8AC5-D1411862C44E}
		{5B5F2FA2-50C0-3D50-9BBC-236A08D37036} = {5B5F2FA2-50C0-3D50-9BBC-236A08D37036}
		{EB0B9295-95A9-3126-8BEC-26304992EA79} = {EB0B9295-95A9-3126-8BEC-26304992EA79}
		{F3BECCAA-ECE2-3E00-A683-6D20E1FAFA5F} = {F3BECCAA-ECE2-3E00-A683-6D20E1FAFA5F}
		{ACAE2F75-1344-3EBD-B3F7-28064D683D4D} = {ACAE2F75-1344-3EBD-B3F7-28064D683D4D}
		{A34592EB-995F-3F2F-A5B1-12E737536EE8} = {A34592EB-995F-3F2F-A5B1-12E737536EE8}
		{F29AAB3C-012D-37DE-9CD4-34B9A7405EB0} = {F29AAB3C-012D-37DE-9CD4-34B9A7405EB0}
		{2ED6A506-E4B6-3D69-A677-3BE8E23E47D9} = {2ED6A506-E4B6-3D69-A677-3BE8E23E47D9}
		{2629A027-96F7-337A-A629-C562D9EBB17F} = {2629A027-96F7-337A-A629-C562D9EBB17F}
		{948383B9-F558-373A-8DBC-51AB334CEF56} = {948383B9-F558-373A-8DBC-51AB334CEF56}
	EndProjectSection
EndProject
Project("{8BC9CEB8-8B4A-11D0-8D11-00A0C91BC942}") = "Continuous", "Continuous.vcxproj", "{8264813C-64A9-33F9-A20F-EC185E26489A}"
	ProjectSection(ProjectDependencies) = postProject
		{87445F3A-4D4F-3FA7-AD77-CE7BC72AF041} = {87445F3A-4D4F-3FA7-AD77-CE7BC72AF041}
	EndProjectSection
EndProject
Project("{8BC9CEB8-8B4A-11D0-8D11-00A0C91BC942}") = "Experimental", "Experimental.vcxproj", "{E41560EE-240F-3890-AB35-CE322B01C548}"
	ProjectSection(ProjectDependencies) = postProject
		{87445F3A-4D4F-3FA7-AD77-CE7BC72AF041} = {87445F3A-4D4F-3FA7-AD77-CE7BC72AF041}
	EndProjectSection
EndProject
Project("{8BC9CEB8-8B4A-11D0-8D11-00A0C91BC942}") = "INSTALL", "INSTALL.vcxproj", "{8B6289FA-EA95-35C4-9F89-92C1AFD9AA71}"
	ProjectSection(ProjectDependencies) = postProject
		{19D6B396-A08D-39D9-A3CA-93E76395505B} = {19D6B396-A08D-39D9-A3CA-93E76395505B}
		{87445F3A-4D4F-3FA7-AD77-CE7BC72AF041} = {87445F3A-4D4F-3FA7-AD77-CE7BC72AF041}
	EndProjectSection
EndProject
Project("{8BC9CEB8-8B4A-11D0-8D11-00A0C91BC942}") = "Nightly", "Nightly.vcxproj", "{5552695C-2961-3303-8C35-C5472046010A}"
	ProjectSection(ProjectDependencies) = postProject
		{87445F3A-4D4F-3FA7-AD77-CE7BC72AF041} = {87445F3A-4D4F-3FA7-AD77-CE7BC72AF041}
	EndProjectSection
EndProject
Project("{8BC9CEB8-8B4A-11D0-8D11-00A0C91BC942}") = "NightlyMemoryCheck", "NightlyMemoryCheck.vcxproj", "{AE5B20D4-EBC3-3072-9701-A256F6E0BF77}"
	ProjectSection(ProjectDependencies) = postProject
		{87445F3A-4D4F-3FA7-AD77-CE7BC72AF041} = {87445F3A-4D4F-3FA7-AD77-CE7BC72AF041}
	EndProjectSection
EndProject
Project("{8BC9CEB8-8B4A-11D0-8D11-00A0C91BC942}") = "PACKAGE", "PACKAGE.vcxproj", "{F0C7378B-E2C0-36B9-8C0E-E9700E6D2D93}"
	ProjectSection(ProjectDependencies) = postProject
		{19D6B396-A08D-39D9-A3CA-93E76395505B} = {19D6B396-A08D-39D9-A3CA-93E76395505B}
		{87445F3A-4D4F-3FA7-AD77-CE7BC72AF041} = {87445F3A-4D4F-3FA7-AD77-CE7BC72AF041}
	EndProjectSection
EndProject
Project("{8BC9CEB8-8B4A-11D0-8D11-00A0C91BC942}") = "RUN_TESTS", "RUN_TESTS.vcxproj", "{F21F9A17-8C4D-3790-BA89-39AB1CDBBF70}"
	ProjectSection(ProjectDependencies) = postProject
		{87445F3A-4D4F-3FA7-AD77-CE7BC72AF041} = {87445F3A-4D4F-3FA7-AD77-CE7BC72AF041}
	EndProjectSection
EndProject
Project("{8BC9CEB8-8B4A-11D0-8D11-00A0C91BC942}") = "ZERO_CHECK", "ZERO_CHECK.vcxproj", "{87445F3A-4D4F-3FA7-AD77-CE7BC72AF041}"
	ProjectSection(ProjectDependencies) = postProject
	EndProjectSection
EndProject
Project("{8BC9CEB8-8B4A-11D0-8D11-00A0C91BC942}") = "astcenc-avx2-static", "external\astc-encoder\Source\astcenc-avx2-static.vcxproj", "{BC7E1983-1F04-3D10-9C76-519D303C89C8}"
	ProjectSection(ProjectDependencies) = postProject
		{87445F3A-4D4F-3FA7-AD77-CE7BC72AF041} = {87445F3A-4D4F-3FA7-AD77-CE7BC72AF041}
	EndProjectSection
EndProject
Project("{8BC9CEB8-8B4A-11D0-8D11-00A0C91BC942}") = "fmt", "external\fmt\fmt.vcxproj", "{49BE604A-FAC0-3C04-A232-2DD2F0E70B0D}"
	ProjectSection(ProjectDependencies) = postProject
		{87445F3A-4D4F-3FA7-AD77-CE7BC72AF041} = {87445F3A-4D4F-3FA7-AD77-CE7BC72AF041}
	EndProjectSection
EndProject
Project("{8BC9CEB8-8B4A-11D0-8D11-00A0C91BC942}") = "gtest", "tests\gtest\gtest.vcxproj", "{F77CAA95-9DFB-302B-8CA2-EEF5CD5A5266}"
	ProjectSection(ProjectDependencies) = postProject
		{87445F3A-4D4F-3FA7-AD77-CE7BC72AF041} = {87445F3A-4D4F-3FA7-AD77-CE7BC72AF041}
	EndProjectSection
EndProject
Project("{8BC9CEB8-8B4A-11D0-8D11-00A0C91BC942}") = "imageio", "tools\imageio\imageio.vcxproj", "{449705F9-BCA9-3094-ADF7-757A57E54409}"
	ProjectSection(ProjectDependencies) = postProject
		{87445F3A-4D4F-3FA7-AD77-CE7BC72AF041} = {87445F3A-4D4F-3FA7-AD77-CE7BC72AF041}
		{49BE604A-FAC0-3C04-A232-2DD2F0E70B0D} = {49BE604A-FAC0-3C04-A232-2DD2F0E70B0D}
	EndProjectSection
EndProject
Project("{8BC9CEB8-8B4A-11D0-8D11-00A0C91BC942}") = "ktx", "ktx.vcxproj", "{D47A3165-F57B-3877-912F-A9725CB67EDA}"
	ProjectSection(ProjectDependencies) = postProject
		{87445F3A-4D4F-3FA7-AD77-CE7BC72AF041} = {87445F3A-4D4F-3FA7-AD77-CE7BC72AF041}
		{BC7E1983-1F04-3D10-9C76-519D303C89C8} = {BC7E1983-1F04-3D10-9C76-519D303C89C8}
		{617B94F1-B48D-3C28-B7B0-24AD0E596E09} = {617B94F1-B48D-3C28-B7B0-24AD0E596E09}
	EndProjectSection
EndProject
Project("{8BC9CEB8-8B4A-11D0-8D11-00A0C91BC942}") = "ktx2check", "tools\ktx2check\ktx2check.vcxproj", "{410889A8-1871-34A8-9652-D7D964D9F496}"
	ProjectSection(ProjectDependencies) = postProject
		{87445F3A-4D4F-3FA7-AD77-CE7BC72AF041} = {87445F3A-4D4F-3FA7-AD77-CE7BC72AF041}
		{D47A3165-F57B-3877-912F-A9725CB67EDA} = {D47A3165-F57B-3877-912F-A9725CB67EDA}
		{5DDF6C03-EB35-3D25-939D-D54776AB1600} = {5DDF6C03-EB35-3D25-939D-D54776AB1600}
		{EB0B9295-95A9-3126-8BEC-26304992EA79} = {EB0B9295-95A9-3126-8BEC-26304992EA79}
	EndProjectSection
EndProject
Project("{8BC9CEB8-8B4A-11D0-8D11-00A0C91BC942}") = "ktx2check_version", "tools\ktx2check\ktx2check_version.vcxproj", "{5DDF6C03-EB35-3D25-939D-D54776AB1600}"
	ProjectSection(ProjectDependencies) = postProject
		{87445F3A-4D4F-3FA7-AD77-CE7BC72AF041} = {87445F3A-4D4F-3FA7-AD77-CE7BC72AF041}
	EndProjectSection
EndProject
Project("{8BC9CEB8-8B4A-11D0-8D11-00A0C91BC942}") = "ktx2ktx2", "tools\ktx2ktx2\ktx2ktx2.vcxproj", "{2C44FF04-A050-3487-AAF2-71C6A9A6D67E}"
	ProjectSection(ProjectDependencies) = postProject
		{87445F3A-4D4F-3FA7-AD77-CE7BC72AF041} = {87445F3A-4D4F-3FA7-AD77-CE7BC72AF041}
		{D47A3165-F57B-3877-912F-A9725CB67EDA} = {D47A3165-F57B-3877-912F-A9725CB67EDA}
		{0A6267AB-AF78-34CF-A133-8F1A9ED2254B} = {0A6267AB-AF78-34CF-A133-8F1A9ED2254B}
		{EB0B9295-95A9-3126-8BEC-26304992EA79} = {EB0B9295-95A9-3126-8BEC-26304992EA79}
	EndProjectSection
EndProject
Project("{8BC9CEB8-8B4A-11D0-8D11-00A0C91BC942}") = "ktx2ktx2_version", "tools\ktx2ktx2\ktx2ktx2_version.vcxproj", "{0A6267AB-AF78-34CF-A133-8F1A9ED2254B}"
	ProjectSection(ProjectDependencies) = postProject
		{87445F3A-4D4F-3FA7-AD77-CE7BC72AF041} = {87445F3A-4D4F-3FA7-AD77-CE7BC72AF041}
	EndProjectSection
EndProject
Project("{8BC9CEB8-8B4A-11D0-8D11-00A0C91BC942}") = "ktx_read", "ktx_read.vcxproj", "{1C753D81-2805-3E33-BAF9-A4ADA1A9157A}"
	ProjectSection(ProjectDependencies) = postProject
		{87445F3A-4D4F-3FA7-AD77-CE7BC72AF041} = {87445F3A-4D4F-3FA7-AD77-CE7BC72AF041}
	EndProjectSection
EndProject
Project("{8BC9CEB8-8B4A-11D0-8D11-00A0C91BC942}") = "ktx_version", "ktx_version.vcxproj", "{617B94F1-B48D-3C28-B7B0-24AD0E596E09}"
	ProjectSection(ProjectDependencies) = postProject
		{87445F3A-4D4F-3FA7-AD77-CE7BC72AF041} = {87445F3A-4D4F-3FA7-AD77-CE7BC72AF041}
	EndProjectSection
EndProject
Project("{8BC9CEB8-8B4A-11D0-8D11-00A0C91BC942}") = "ktxinfo", "tools\ktxinfo\ktxinfo.vcxproj", "{3F5FCA04-50E2-33A4-B72A-6D0F739BC495}"
	ProjectSection(ProjectDependencies) = postProject
		{87445F3A-4D4F-3FA7-AD77-CE7BC72AF041} = {87445F3A-4D4F-3FA7-AD77-CE7BC72AF041}
		{D47A3165-F57B-3877-912F-A9725CB67EDA} = {D47A3165-F57B-3877-912F-A9725CB67EDA}
		{24609789-AEEE-34BF-8712-5F3773F9273F} = {24609789-AEEE-34BF-8712-5F3773F9273F}
		{EB0B9295-95A9-3126-8BEC-26304992EA79} = {EB0B9295-95A9-3126-8BEC-26304992EA79}
	EndProjectSection
EndProject
Project("{8BC9CEB8-8B4A-11D0-8D11-00A0C91BC942}") = "ktxinfo_version", "tools\ktxinfo\ktxinfo_version.vcxproj", "{24609789-AEEE-34BF-8712-5F3773F9273F}"
	ProjectSection(ProjectDependencies) = postProject
		{87445F3A-4D4F-3FA7-AD77-CE7BC72AF041} = {87445F3A-4D4F-3FA7-AD77-CE7BC72AF041}
	EndProjectSection
EndProject
Project("{8BC9CEB8-8B4A-11D0-8D11-00A0C91BC942}") = "ktxsc", "tools\ktxsc\ktxsc.vcxproj", "{72A082F5-FA19-3ECF-8AC5-D1411862C44E}"
	ProjectSection(ProjectDependencies) = postProject
		{87445F3A-4D4F-3FA7-AD77-CE7BC72AF041} = {87445F3A-4D4F-3FA7-AD77-CE7BC72AF041}
		{D47A3165-F57B-3877-912F-A9725CB67EDA} = {D47A3165-F57B-3877-912F-A9725CB67EDA}
		{DA9BC63D-5A3A-3A44-AB64-CE4AC3758798} = {DA9BC63D-5A3A-3A44-AB64-CE4AC3758798}
		{EB0B9295-95A9-3126-8BEC-26304992EA79} = {EB0B9295-95A9-3126-8BEC-26304992EA79}
	EndProjectSection
EndProject
Project("{8BC9CEB8-8B4A-11D0-8D11-00A0C91BC942}") = "ktxsc_version", "tools\ktxsc\ktxsc_version.vcxproj", "{DA9BC63D-5A3A-3A44-AB64-CE4AC3758798}"
	ProjectSection(ProjectDependencies) = postProject
		{87445F3A-4D4F-3FA7-AD77-CE7BC72AF041} = {87445F3A-4D4F-3FA7-AD77-CE7BC72AF041}
	EndProjectSection
EndProject
Project("{8BC9CEB8-8B4A-11D0-8D11-00A0C91BC942}") = "ktxtools", "tools\ktx\ktxtools.vcxproj", "{5B5F2FA2-50C0-3D50-9BBC-236A08D37036}"
	ProjectSection(ProjectDependencies) = postProject
		{87445F3A-4D4F-3FA7-AD77-CE7BC72AF041} = {87445F3A-4D4F-3FA7-AD77-CE7BC72AF041}
		{BC7E1983-1F04-3D10-9C76-519D303C89C8} = {BC7E1983-1F04-3D10-9C76-519D303C89C8}
		{49BE604A-FAC0-3C04-A232-2DD2F0E70B0D} = {49BE604A-FAC0-3C04-A232-2DD2F0E70B0D}
		{449705F9-BCA9-3094-ADF7-757A57E54409} = {449705F9-BCA9-3094-ADF7-757A57E54409}
		{D47A3165-F57B-3877-912F-A9725CB67EDA} = {D47A3165-F57B-3877-912F-A9725CB67EDA}
		{CCC4FCCD-D115-38E8-A89B-5DD4517FD3F5} = {CCC4FCCD-D115-38E8-A89B-5DD4517FD3F5}
		{EB0B9295-95A9-3126-8BEC-26304992EA79} = {EB0B9295-95A9-3126-8BEC-26304992EA79}
	EndProjectSection
EndProject
Project("{8BC9CEB8-8B4A-11D0-8D11-00A0C91BC942}") = "ktxtools_version", "tools\ktx\ktxtools_version.vcxproj", "{CCC4FCCD-D115-38E8-A89B-5DD4517FD3F5}"
	ProjectSection(ProjectDependencies) = postProject
		{87445F3A-4D4F-3FA7-AD77-CE7BC72AF041} = {87445F3A-4D4F-3FA7-AD77-CE7BC72AF041}
	EndProjectSection
EndProject
Project("{8BC9CEB8-8B4A-11D0-8D11-00A0C91BC942}") = "objUtil", "objUtil.vcxproj", "{EB0B9295-95A9-3126-8BEC-26304992EA79}"
	ProjectSection(ProjectDependencies) = postProject
		{87445F3A-4D4F-3FA7-AD77-CE7BC72AF041} = {87445F3A-4D4F-3FA7-AD77-CE7BC72AF041}
	EndProjectSection
EndProject
Project("{8BC9CEB8-8B4A-11D0-8D11-00A0C91BC942}") = "obj_basisu_cbind", "interface\basisu_c_binding\obj_basisu_cbind.vcxproj", "{F3BECCAA-ECE2-3E00-A683-6D20E1FAFA5F}"
	ProjectSection(ProjectDependencies) = postProject
		{87445F3A-4D4F-3FA7-AD77-CE7BC72AF041} = {87445F3A-4D4F-3FA7-AD77-CE7BC72AF041}
	EndProjectSection
EndProject
Project("{8BC9CEB8-8B4A-11D0-8D11-00A0C91BC942}") = "obj_tmp_basisu", "tests\transcodetests\obj_tmp_basisu.vcxproj", "{ACAE2F75-1344-3EBD-B3F7-28064D683D4D}"
	ProjectSection(ProjectDependencies) = postProject
		{87445F3A-4D4F-3FA7-AD77-CE7BC72AF041} = {87445F3A-4D4F-3FA7-AD77-CE7BC72AF041}
	EndProjectSection
EndProject
Project("{8BC9CEB8-8B4A-11D0-8D11-00A0C91BC942}") = "streamtests", "tests\streamtests\streamtests.vcxproj", "{A34592EB-995F-3F2F-A5B1-12E737536EE8}"
	ProjectSection(ProjectDependencies) = postProject
		{87445F3A-4D4F-3FA7-AD77-CE7BC72AF041} = {87445F3A-4D4F-3FA7-AD77-CE7BC72AF041}
		{F77CAA95-9DFB-302B-8CA2-EEF5CD5A5266} = {F77CAA95-9DFB-302B-8CA2-EEF5CD5A5266}
		{D47A3165-F57B-3877-912F-A9725CB67EDA} = {D47A3165-F57B-3877-912F-A9725CB67EDA}
	EndProjectSection
EndProject
Project("{8BC9CEB8-8B4A-11D0-8D11-00A0C91BC942}") = "texturetests", "tests\texturetests.vcxproj", "{F29AAB3C-012D-37DE-9CD4-34B9A7405EB0}"
	ProjectSection(ProjectDependencies) = postProject
		{87445F3A-4D4F-3FA7-AD77-CE7BC72AF041} = {87445F3A-4D4F-3FA7-AD77-CE7BC72AF041}
		{F77CAA95-9DFB-302B-8CA2-EEF5CD5A5266} = {F77CAA95-9DFB-302B-8CA2-EEF5CD5A5266}
		{D47A3165-F57B-3877-912F-A9725CB67EDA} = {D47A3165-F57B-3877-912F-A9725CB67EDA}
	EndProjectSection
EndProject
Project("{8BC9CEB8-8B4A-11D0-8D11-00A0C91BC942}") = "toktx", "tools\toktx\toktx.vcxproj", "{2ED6A506-E4B6-3D69-A677-3BE8E23E47D9}"
	ProjectSection(ProjectDependencies) = postProject
		{87445F3A-4D4F-3FA7-AD77-CE7BC72AF041} = {87445F3A-4D4F-3FA7-AD77-CE7BC72AF041}
		{49BE604A-FAC0-3C04-A232-2DD2F0E70B0D} = {49BE604A-FAC0-3C04-A232-2DD2F0E70B0D}
		{449705F9-BCA9-3094-ADF7-757A57E54409} = {449705F9-BCA9-3094-ADF7-757A57E54409}
		{D47A3165-F57B-3877-912F-A9725CB67EDA} = {D47A3165-F57B-3877-912F-A9725CB67EDA}
		{EB0B9295-95A9-3126-8BEC-26304992EA79} = {EB0B9295-95A9-3126-8BEC-26304992EA79}
		{DA8D2D94-C739-38BB-B4A7-AFBD36AA9379} = {DA8D2D94-C739-38BB-B4A7-AFBD36AA9379}
	EndProjectSection
EndProject
Project("{8BC9CEB8-8B4A-11D0-8D11-00A0C91BC942}") = "toktx_version", "tools\toktx\toktx_version.vcxproj", "{DA8D2D94-C739-38BB-B4A7-AFBD36AA9379}"
	ProjectSection(ProjectDependencies) = postProject
		{87445F3A-4D4F-3FA7-AD77-CE7BC72AF041} = {87445F3A-4D4F-3FA7-AD77-CE7BC72AF041}
	EndProjectSection
EndProject
Project("{8BC9CEB8-8B4A-11D0-8D11-00A0C91BC942}") = "transcodetests", "tests\transcodetests\transcodetests.vcxproj", "{2629A027-96F7-337A-A629-C562D9EBB17F}"
	ProjectSection(ProjectDependencies) = postProject
		{87445F3A-4D4F-3FA7-AD77-CE7BC72AF041} = {87445F3A-4D4F-3FA7-AD77-CE7BC72AF041}
		{F77CAA95-9DFB-302B-8CA2-EEF5CD5A5266} = {F77CAA95-9DFB-302B-8CA2-EEF5CD5A5266}
		{D47A3165-F57B-3877-912F-A9725CB67EDA} = {D47A3165-F57B-3877-912F-A9725CB67EDA}
		{F3BECCAA-ECE2-3E00-A683-6D20E1FAFA5F} = {F3BECCAA-ECE2-3E00-A683-6D20E1FAFA5F}
		{ACAE2F75-1344-3EBD-B3F7-28064D683D4D} = {ACAE2F75-1344-3EBD-B3F7-28064D683D4D}
	EndProjectSection
EndProject
Project("{8BC9CEB8-8B4A-11D0-8D11-00A0C91BC942}") = "unittests", "tests\unittests.vcxproj", "{948383B9-F558-373A-8DBC-51AB334CEF56}"
	ProjectSection(ProjectDependencies) = postProject
		{87445F3A-4D4F-3FA7-AD77-CE7BC72AF041} = {87445F3A-4D4F-3FA7-AD77-CE7BC72AF041}
		{49BE604A-FAC0-3C04-A232-2DD2F0E70B0D} = {49BE604A-FAC0-3C04-A232-2DD2F0E70B0D}
		{F77CAA95-9DFB-302B-8CA2-EEF5CD5A5266} = {F77CAA95-9DFB-302B-8CA2-EEF5CD5A5266}
		{D47A3165-F57B-3877-912F-A9725CB67EDA} = {D47A3165-F57B-3877-912F-A9725CB67EDA}
	EndProjectSection
EndProject
Global
	GlobalSection(SolutionConfigurationPlatforms) = preSolution
		Debug|x64 = Debug|x64
		Release|x64 = Release|x64
		MinSizeRel|x64 = MinSizeRel|x64
		RelWithDebInfo|x64 = RelWithDebInfo|x64
	EndGlobalSection
	GlobalSection(ProjectConfigurationPlatforms) = postSolution
		{19D6B396-A08D-39D9-A3CA-93E76395505B}.Debug|x64.ActiveCfg = Debug|x64
		{19D6B396-A08D-39D9-A3CA-93E76395505B}.Debug|x64.Build.0 = Debug|x64
		{19D6B396-A08D-39D9-A3CA-93E76395505B}.Release|x64.ActiveCfg = Release|x64
		{19D6B396-A08D-39D9-A3CA-93E76395505B}.Release|x64.Build.0 = Release|x64
		{19D6B396-A08D-39D9-A3CA-93E76395505B}.MinSizeRel|x64.ActiveCfg = MinSizeRel|x64
		{19D6B396-A08D-39D9-A3CA-93E76395505B}.MinSizeRel|x64.Build.0 = MinSizeRel|x64
		{19D6B396-A08D-39D9-A3CA-93E76395505B}.RelWithDebInfo|x64.ActiveCfg = RelWithDebInfo|x64
		{19D6B396-A08D-39D9-A3CA-93E76395505B}.RelWithDebInfo|x64.Build.0 = RelWithDebInfo|x64
		{8264813C-64A9-33F9-A20F-EC185E26489A}.Debug|x64.ActiveCfg = Debug|x64
		{8264813C-64A9-33F9-A20F-EC185E26489A}.Release|x64.ActiveCfg = Release|x64
		{8264813C-64A9-33F9-A20F-EC185E26489A}.MinSizeRel|x64.ActiveCfg = MinSizeRel|x64
		{8264813C-64A9-33F9-A20F-EC185E26489A}.RelWithDebInfo|x64.ActiveCfg = RelWithDebInfo|x64
		{E41560EE-240F-3890-AB35-CE322B01C548}.Debug|x64.ActiveCfg = Debug|x64
		{E41560EE-240F-3890-AB35-CE322B01C548}.Release|x64.ActiveCfg = Release|x64
		{E41560EE-240F-3890-AB35-CE322B01C548}.MinSizeRel|x64.ActiveCfg = MinSizeRel|x64
		{E41560EE-240F-3890-AB35-CE322B01C548}.RelWithDebInfo|x64.ActiveCfg = RelWithDebInfo|x64
		{8B6289FA-EA95-35C4-9F89-92C1AFD9AA71}.Debug|x64.ActiveCfg = Debug|x64
		{8B6289FA-EA95-35C4-9F89-92C1AFD9AA71}.Release|x64.ActiveCfg = Release|x64
		{8B6289FA-EA95-35C4-9F89-92C1AFD9AA71}.MinSizeRel|x64.ActiveCfg = MinSizeRel|x64
		{8B6289FA-EA95-35C4-9F89-92C1AFD9AA71}.RelWithDebInfo|x64.ActiveCfg = RelWithDebInfo|x64
		{5552695C-2961-3303-8C35-C5472046010A}.Debug|x64.ActiveCfg = Debug|x64
		{5552695C-2961-3303-8C35-C5472046010A}.Release|x64.ActiveCfg = Release|x64
		{5552695C-2961-3303-8C35-C5472046010A}.MinSizeRel|x64.ActiveCfg = MinSizeRel|x64
		{5552695C-2961-3303-8C35-C5472046010A}.RelWithDebInfo|x64.ActiveCfg = RelWithDebInfo|x64
		{AE5B20D4-EBC3-3072-9701-A256F6E0BF77}.Debug|x64.ActiveCfg = Debug|x64
		{AE5B20D4-EBC3-3072-9701-A256F6E0BF77}.Release|x64.ActiveCfg = Release|x64
		{AE5B20D4-EBC3-3072-9701-A256F6E0BF77}.MinSizeRel|x64.ActiveCfg = MinSizeRel|x64
		{AE5B20D4-EBC3-3072-9701-A256F6E0BF77}.RelWithDebInfo|x64.ActiveCfg = RelWithDebInfo|x64
		{F0C7378B-E2C0-36B9-8C0E-E9700E6D2D93}.Debug|x64.ActiveCfg = Debug|x64
		{F0C7378B-E2C0-36B9-8C0E-E9700E6D2D93}.Release|x64.ActiveCfg = Release|x64
		{F0C7378B-E2C0-36B9-8C0E-E9700E6D2D93}.MinSizeRel|x64.ActiveCfg = MinSizeRel|x64
		{F0C7378B-E2C0-36B9-8C0E-E9700E6D2D93}.RelWithDebInfo|x64.ActiveCfg = RelWithDebInfo|x64
		{F21F9A17-8C4D-3790-BA89-39AB1CDBBF70}.Debug|x64.ActiveCfg = Debug|x64
		{F21F9A17-8C4D-3790-BA89-39AB1CDBBF70}.Release|x64.ActiveCfg = Release|x64
		{F21F9A17-8C4D-3790-BA89-39AB1CDBBF70}.MinSizeRel|x64.ActiveCfg = MinSizeRel|x64
		{F21F9A17-8C4D-3790-BA89-39AB1CDBBF70}.RelWithDebInfo|x64.ActiveCfg = RelWithDebInfo|x64
		{87445F3A-4D4F-3FA7-AD77-CE7BC72AF041}.Debug|x64.ActiveCfg = Debug|x64
		{87445F3A-4D4F-3FA7-AD77-CE7BC72AF041}.Debug|x64.Build.0 = Debug|x64
		{87445F3A-4D4F-3FA7-AD77-CE7BC72AF041}.Release|x64.ActiveCfg = Release|x64
		{87445F3A-4D4F-3FA7-AD77-CE7BC72AF041}.Release|x64.Build.0 = Release|x64
		{87445F3A-4D4F-3FA7-AD77-CE7BC72AF041}.MinSizeRel|x64.ActiveCfg = MinSizeRel|x64
		{87445F3A-4D4F-3FA7-AD77-CE7BC72AF041}.MinSizeRel|x64.Build.0 = MinSizeRel|x64
		{87445F3A-4D4F-3FA7-AD77-CE7BC72AF041}.RelWithDebInfo|x64.ActiveCfg = RelWithDebInfo|x64
		{87445F3A-4D4F-3FA7-AD77-CE7BC72AF041}.RelWithDebInfo|x64.Build.0 = RelWithDebInfo|x64
		{BC7E1983-1F04-3D10-9C76-519D303C89C8}.Debug|x64.ActiveCfg = Debug|x64
		{BC7E1983-1F04-3D10-9C76-519D303C89C8}.Debug|x64.Build.0 = Debug|x64
		{BC7E1983-1F04-3D10-9C76-519D303C89C8}.Release|x64.ActiveCfg = Release|x64
		{BC7E1983-1F04-3D10-9C76-519D303C89C8}.Release|x64.Build.0 = Release|x64
		{BC7E1983-1F04-3D10-9C76-519D303C89C8}.MinSizeRel|x64.ActiveCfg = MinSizeRel|x64
		{BC7E1983-1F04-3D10-9C76-519D303C89C8}.MinSizeRel|x64.Build.0 = MinSizeRel|x64
		{BC7E1983-1F04-3D10-9C76-519D303C89C8}.RelWithDebInfo|x64.ActiveCfg = RelWithDebInfo|x64
		{BC7E1983-1F04-3D10-9C76-519D303C89C8}.RelWithDebInfo|x64.Build.0 = RelWithDebInfo|x64
		{49BE604A-FAC0-3C04-A232-2DD2F0E70B0D}.Debug|x64.ActiveCfg = Debug|x64
		{49BE604A-FAC0-3C04-A232-2DD2F0E70B0D}.Debug|x64.Build.0 = Debug|x64
		{49BE604A-FAC0-3C04-A232-2DD2F0E70B0D}.Release|x64.ActiveCfg = Release|x64
		{49BE604A-FAC0-3C04-A232-2DD2F0E70B0D}.Release|x64.Build.0 = Release|x64
		{49BE604A-FAC0-3C04-A232-2DD2F0E70B0D}.MinSizeRel|x64.ActiveCfg = MinSizeRel|x64
		{49BE604A-FAC0-3C04-A232-2DD2F0E70B0D}.MinSizeRel|x64.Build.0 = MinSizeRel|x64
		{49BE604A-FAC0-3C04-A232-2DD2F0E70B0D}.RelWithDebInfo|x64.ActiveCfg = RelWithDebInfo|x64
		{49BE604A-FAC0-3C04-A232-2DD2F0E70B0D}.RelWithDebInfo|x64.Build.0 = RelWithDebInfo|x64
		{F77CAA95-9DFB-302B-8CA2-EEF5CD5A5266}.Debug|x64.ActiveCfg = Debug|x64
		{F77CAA95-9DFB-302B-8CA2-EEF5CD5A5266}.Debug|x64.Build.0 = Debug|x64
		{F77CAA95-9DFB-302B-8CA2-EEF5CD5A5266}.Release|x64.ActiveCfg = Release|x64
		{F77CAA95-9DFB-302B-8CA2-EEF5CD5A5266}.Release|x64.Build.0 = Release|x64
		{F77CAA95-9DFB-302B-8CA2-EEF5CD5A5266}.MinSizeRel|x64.ActiveCfg = MinSizeRel|x64
		{F77CAA95-9DFB-302B-8CA2-EEF5CD5A5266}.MinSizeRel|x64.Build.0 = MinSizeRel|x64
		{F77CAA95-9DFB-302B-8CA2-EEF5CD5A5266}.RelWithDebInfo|x64.ActiveCfg = RelWithDebInfo|x64
		{F77CAA95-9DFB-302B-8CA2-EEF5CD5A5266}.RelWithDebInfo|x64.Build.0 = RelWithDebInfo|x64
		{449705F9-BCA9-3094-ADF7-757A57E54409}.Debug|x64.ActiveCfg = Debug|x64
		{449705F9-BCA9-3094-ADF7-757A57E54409}.Debug|x64.Build.0 = Debug|x64
		{449705F9-BCA9-3094-ADF7-757A57E54409}.Release|x64.ActiveCfg = Release|x64
		{449705F9-BCA9-3094-ADF7-757A57E54409}.Release|x64.Build.0 = Release|x64
		{449705F9-BCA9-3094-ADF7-757A57E54409}.MinSizeRel|x64.ActiveCfg = MinSizeRel|x64
		{449705F9-BCA9-3094-ADF7-757A57E54409}.MinSizeRel|x64.Build.0 = MinSizeRel|x64
		{449705F9-BCA9-3094-ADF7-757A57E54409}.RelWithDebInfo|x64.ActiveCfg = RelWithDebInfo|x64
		{449705F9-BCA9-3094-ADF7-757A57E54409}.RelWithDebInfo|x64.Build.0 = RelWithDebInfo|x64
		{D47A3165-F57B-3877-912F-A9725CB67EDA}.Debug|x64.ActiveCfg = Debug|x64
		{D47A3165-F57B-3877-912F-A9725CB67EDA}.Debug|x64.Build.0 = Debug|x64
		{D47A3165-F57B-3877-912F-A9725CB67EDA}.Release|x64.ActiveCfg = Release|x64
		{D47A3165-F57B-3877-912F-A9725CB67EDA}.Release|x64.Build.0 = Release|x64
		{D47A3165-F57B-3877-912F-A9725CB67EDA}.MinSizeRel|x64.ActiveCfg = MinSizeRel|x64
		{D47A3165-F57B-3877-912F-A9725CB67EDA}.MinSizeRel|x64.Build.0 = MinSizeRel|x64
		{D47A3165-F57B-3877-912F-A9725CB67EDA}.RelWithDebInfo|x64.ActiveCfg = RelWithDebInfo|x64
		{D47A3165-F57B-3877-912F-A9725CB67EDA}.RelWithDebInfo|x64.Build.0 = RelWithDebInfo|x64
		{410889A8-1871-34A8-9652-D7D964D9F496}.Debug|x64.ActiveCfg = Debug|x64
		{410889A8-1871-34A8-9652-D7D964D9F496}.Debug|x64.Build.0 = Debug|x64
		{410889A8-1871-34A8-9652-D7D964D9F496}.Release|x64.ActiveCfg = Release|x64
		{410889A8-1871-34A8-9652-D7D964D9F496}.Release|x64.Build.0 = Release|x64
		{410889A8-1871-34A8-9652-D7D964D9F496}.MinSizeRel|x64.ActiveCfg = MinSizeRel|x64
		{410889A8-1871-34A8-9652-D7D964D9F496}.MinSizeRel|x64.Build.0 = MinSizeRel|x64
		{410889A8-1871-34A8-9652-D7D964D9F496}.RelWithDebInfo|x64.ActiveCfg = RelWithDebInfo|x64
		{410889A8-1871-34A8-9652-D7D964D9F496}.RelWithDebInfo|x64.Build.0 = RelWithDebInfo|x64
		{5DDF6C03-EB35-3D25-939D-D54776AB1600}.Debug|x64.ActiveCfg = Debug|x64
		{5DDF6C03-EB35-3D25-939D-D54776AB1600}.Debug|x64.Build.0 = Debug|x64
		{5DDF6C03-EB35-3D25-939D-D54776AB1600}.Release|x64.ActiveCfg = Release|x64
		{5DDF6C03-EB35-3D25-939D-D54776AB1600}.Release|x64.Build.0 = Release|x64
		{5DDF6C03-EB35-3D25-939D-D54776AB1600}.MinSizeRel|x64.ActiveCfg = MinSizeRel|x64
		{5DDF6C03-EB35-3D25-939D-D54776AB1600}.MinSizeRel|x64.Build.0 = MinSizeRel|x64
		{5DDF6C03-EB35-3D25-939D-D54776AB1600}.RelWithDebInfo|x64.ActiveCfg = RelWithDebInfo|x64
		{5DDF6C03-EB35-3D25-939D-D54776AB1600}.RelWithDebInfo|x64.Build.0 = RelWithDebInfo|x64
		{2C44FF04-A050-3487-AAF2-71C6A9A6D67E}.Debug|x64.ActiveCfg = Debug|x64
		{2C44FF04-A050-3487-AAF2-71C6A9A6D67E}.Debug|x64.Build.0 = Debug|x64
		{2C44FF04-A050-3487-AAF2-71C6A9A6D67E}.Release|x64.ActiveCfg = Release|x64
		{2C44FF04-A050-3487-AAF2-71C6A9A6D67E}.Release|x64.Build.0 = Release|x64
		{2C44FF04-A050-3487-AAF2-71C6A9A6D67E}.MinSizeRel|x64.ActiveCfg = MinSizeRel|x64
		{2C44FF04-A050-3487-AAF2-71C6A9A6D67E}.MinSizeRel|x64.Build.0 = MinSizeRel|x64
		{2C44FF04-A050-3487-AAF2-71C6A9A6D67E}.RelWithDebInfo|x64.ActiveCfg = RelWithDebInfo|x64
		{2C44FF04-A050-3487-AAF2-71C6A9A6D67E}.RelWithDebInfo|x64.Build.0 = RelWithDebInfo|x64
		{0A6267AB-AF78-34CF-A133-8F1A9ED2254B}.Debug|x64.ActiveCfg = Debug|x64
		{0A6267AB-AF78-34CF-A133-8F1A9ED2254B}.Debug|x64.Build.0 = Debug|x64
		{0A6267AB-AF78-34CF-A133-8F1A9ED2254B}.Release|x64.ActiveCfg = Release|x64
		{0A6267AB-AF78-34CF-A133-8F1A9ED2254B}.Release|x64.Build.0 = Release|x64
		{0A6267AB-AF78-34CF-A133-8F1A9ED2254B}.MinSizeRel|x64.ActiveCfg = MinSizeRel|x64
		{0A6267AB-AF78-34CF-A133-8F1A9ED2254B}.MinSizeRel|x64.Build.0 = MinSizeRel|x64
		{0A6267AB-AF78-34CF-A133-8F1A9ED2254B}.RelWithDebInfo|x64.ActiveCfg = RelWithDebInfo|x64
		{0A6267AB-AF78-34CF-A133-8F1A9ED2254B}.RelWithDebInfo|x64.Build.0 = RelWithDebInfo|x64
		{1C753D81-2805-3E33-BAF9-A4ADA1A9157A}.Debug|x64.ActiveCfg = Debug|x64
		{1C753D81-2805-3E33-BAF9-A4ADA1A9157A}.Debug|x64.Build.0 = Debug|x64
		{1C753D81-2805-3E33-BAF9-A4ADA1A9157A}.Release|x64.ActiveCfg = Release|x64
		{1C753D81-2805-3E33-BAF9-A4ADA1A9157A}.Release|x64.Build.0 = Release|x64
		{1C753D81-2805-3E33-BAF9-A4ADA1A9157A}.MinSizeRel|x64.ActiveCfg = MinSizeRel|x64
		{1C753D81-2805-3E33-BAF9-A4ADA1A9157A}.MinSizeRel|x64.Build.0 = MinSizeRel|x64
		{1C753D81-2805-3E33-BAF9-A4ADA1A9157A}.RelWithDebInfo|x64.ActiveCfg = RelWithDebInfo|x64
		{1C753D81-2805-3E33-BAF9-A4ADA1A9157A}.RelWithDebInfo|x64.Build.0 = RelWithDebInfo|x64
		{617B94F1-B48D-3C28-B7B0-24AD0E596E09}.Debug|x64.ActiveCfg = Debug|x64
		{617B94F1-B48D-3C28-B7B0-24AD0E596E09}.Debug|x64.Build.0 = Debug|x64
		{617B94F1-B48D-3C28-B7B0-24AD0E596E09}.Release|x64.ActiveCfg = Release|x64
		{617B94F1-B48D-3C28-B7B0-24AD0E596E09}.Release|x64.Build.0 = Release|x64
		{617B94F1-B48D-3C28-B7B0-24AD0E596E09}.MinSizeRel|x64.ActiveCfg = MinSizeRel|x64
		{617B94F1-B48D-3C28-B7B0-24AD0E596E09}.MinSizeRel|x64.Build.0 = MinSizeRel|x64
		{617B94F1-B48D-3C28-B7B0-24AD0E596E09}.RelWithDebInfo|x64.ActiveCfg = RelWithDebInfo|x64
		{617B94F1-B48D-3C28-B7B0-24AD0E596E09}.RelWithDebInfo|x64.Build.0 = RelWithDebInfo|x64
		{3F5FCA04-50E2-33A4-B72A-6D0F739BC495}.Debug|x64.ActiveCfg = Debug|x64
		{3F5FCA04-50E2-33A4-B72A-6D0F739BC495}.Debug|x64.Build.0 = Debug|x64
		{3F5FCA04-50E2-33A4-B72A-6D0F739BC495}.Release|x64.ActiveCfg = Release|x64
		{3F5FCA04-50E2-33A4-B72A-6D0F739BC495}.Release|x64.Build.0 = Release|x64
		{3F5FCA04-50E2-33A4-B72A-6D0F739BC495}.MinSizeRel|x64.ActiveCfg = MinSizeRel|x64
		{3F5FCA04-50E2-33A4-B72A-6D0F739BC495}.MinSizeRel|x64.Build.0 = MinSizeRel|x64
		{3F5FCA04-50E2-33A4-B72A-6D0F739BC495}.RelWithDebInfo|x64.ActiveCfg = RelWithDebInfo|x64
		{3F5FCA04-50E2-33A4-B72A-6D0F739BC495}.RelWithDebInfo|x64.Build.0 = RelWithDebInfo|x64
		{24609789-AEEE-34BF-8712-5F3773F9273F}.Debug|x64.ActiveCfg = Debug|x64
		{24609789-AEEE-34BF-8712-5F3773F9273F}.Debug|x64.Build.0 = Debug|x64
		{24609789-AEEE-34BF-8712-5F3773F9273F}.Release|x64.ActiveCfg = Release|x64
		{24609789-AEEE-34BF-8712-5F3773F9273F}.Release|x64.Build.0 = Release|x64
		{24609789-AEEE-34BF-8712-5F3773F9273F}.MinSizeRel|x64.ActiveCfg = MinSizeRel|x64
		{24609789-AEEE-34BF-8712-5F3773F9273F}.MinSizeRel|x64.Build.0 = MinSizeRel|x64
		{24609789-AEEE-34BF-8712-5F3773F9273F}.RelWithDebInfo|x64.ActiveCfg = RelWithDebInfo|x64
		{24609789-AEEE-34BF-8712-5F3773F9273F}.RelWithDebInfo|x64.Build.0 = RelWithDebInfo|x64
		{72A082F5-FA19-3ECF-8AC5-D1411862C44E}.Debug|x64.ActiveCfg = Debug|x64
		{72A082F5-FA19-3ECF-8AC5-D1411862C44E}.Debug|x64.Build.0 = Debug|x64
		{72A082F5-FA19-3ECF-8AC5-D1411862C44E}.Release|x64.ActiveCfg = Release|x64
		{72A082F5-FA19-3ECF-8AC5-D1411862C44E}.Release|x64.Build.0 = Release|x64
		{72A082F5-FA19-3ECF-8AC5-D1411862C44E}.MinSizeRel|x64.ActiveCfg = MinSizeRel|x64
		{72A082F5-FA19-3ECF-8AC5-D1411862C44E}.MinSizeRel|x64.Build.0 = MinSizeRel|x64
		{72A082F5-FA19-3ECF-8AC5-D1411862C44E}.RelWithDebInfo|x64.ActiveCfg = RelWithDebInfo|x64
		{72A082F5-FA19-3ECF-8AC5-D1411862C44E}.RelWithDebInfo|x64.Build.0 = RelWithDebInfo|x64
		{DA9BC63D-5A3A-3A44-AB64-CE4AC3758798}.Debug|x64.ActiveCfg = Debug|x64
		{DA9BC63D-5A3A-3A44-AB64-CE4AC3758798}.Debug|x64.Build.0 = Debug|x64
		{DA9BC63D-5A3A-3A44-AB64-CE4AC3758798}.Release|x64.ActiveCfg = Release|x64
		{DA9BC63D-5A3A-3A44-AB64-CE4AC3758798}.Release|x64.Build.0 = Release|x64
		{DA9BC63D-5A3A-3A44-AB64-CE4AC3758798}.MinSizeRel|x64.ActiveCfg = MinSizeRel|x64
		{DA9BC63D-5A3A-3A44-AB64-CE4AC3758798}.MinSizeRel|x64.Build.0 = MinSizeRel|x64
		{DA9BC63D-5A3A-3A44-AB64-CE4AC3758798}.RelWithDebInfo|x64.ActiveCfg = RelWithDebInfo|x64
		{DA9BC63D-5A3A-3A44-AB64-CE4AC3758798}.RelWithDebInfo|x64.Build.0 = RelWithDebInfo|x64
		{5B5F2FA2-50C0-3D50-9BBC-236A08D37036}.Debug|x64.ActiveCfg = Debug|x64
		{5B5F2FA2-50C0-3D50-9BBC-236A08D37036}.Debug|x64.Build.0 = Debug|x64
		{5B5F2FA2-50C0-3D50-9BBC-236A08D37036}.Release|x64.ActiveCfg = Release|x64
		{5B5F2FA2-50C0-3D50-9BBC-236A08D37036}.Release|x64.Build.0 = Release|x64
		{5B5F2FA2-50C0-3D50-9BBC-236A08D37036}.MinSizeRel|x64.ActiveCfg = MinSizeRel|x64
		{5B5F2FA2-50C0-3D50-9BBC-236A08D37036}.MinSizeRel|x64.Build.0 = MinSizeRel|x64
		{5B5F2FA2-50C0-3D50-9BBC-236A08D37036}.RelWithDebInfo|x64.ActiveCfg = RelWithDebInfo|x64
		{5B5F2FA2-50C0-3D50-9BBC-236A08D37036}.RelWithDebInfo|x64.Build.0 = RelWithDebInfo|x64
		{CCC4FCCD-D115-38E8-A89B-5DD4517FD3F5}.Debug|x64.ActiveCfg = Debug|x64
		{CCC4FCCD-D115-38E8-A89B-5DD4517FD3F5}.Debug|x64.Build.0 = Debug|x64
		{CCC4FCCD-D115-38E8-A89B-5DD4517FD3F5}.Release|x64.ActiveCfg = Release|x64
		{CCC4FCCD-D115-38E8-A89B-5DD4517FD3F5}.Release|x64.Build.0 = Release|x64
		{CCC4FCCD-D115-38E8-A89B-5DD4517FD3F5}.MinSizeRel|x64.ActiveCfg = MinSizeRel|x64
		{CCC4FCCD-D115-38E8-A89B-5DD4517FD3F5}.MinSizeRel|x64.Build.0 = MinSizeRel|x64
		{CCC4FCCD-D115-38E8-A89B-5DD4517FD3F5}.RelWithDebInfo|x64.ActiveCfg = RelWithDebInfo|x64
		{CCC4FCCD-D115-38E8-A89B-5DD4517FD3F5}.RelWithDebInfo|x64.Build.0 = RelWithDebInfo|x64
		{EB0B9295-95A9-3126-8BEC-26304992EA79}.Debug|x64.ActiveCfg = Debug|x64
		{EB0B9295-95A9-3126-8BEC-26304992EA79}.Debug|x64.Build.0 = Debug|x64
		{EB0B9295-95A9-3126-8BEC-26304992EA79}.Release|x64.ActiveCfg = Release|x64
		{EB0B9295-95A9-3126-8BEC-26304992EA79}.Release|x64.Build.0 = Release|x64
		{EB0B9295-95A9-3126-8BEC-26304992EA79}.MinSizeRel|x64.ActiveCfg = MinSizeRel|x64
		{EB0B9295-95A9-3126-8BEC-26304992EA79}.MinSizeRel|x64.Build.0 = MinSizeRel|x64
		{EB0B9295-95A9-3126-8BEC-26304992EA79}.RelWithDebInfo|x64.ActiveCfg = RelWithDebInfo|x64
		{EB0B9295-95A9-3126-8BEC-26304992EA79}.RelWithDebInfo|x64.Build.0 = RelWithDebInfo|x64
		{F3BECCAA-ECE2-3E00-A683-6D20E1FAFA5F}.Debug|x64.ActiveCfg = Debug|x64
		{F3BECCAA-ECE2-3E00-A683-6D20E1FAFA5F}.Debug|x64.Build.0 = Debug|x64
		{F3BECCAA-ECE2-3E00-A683-6D20E1FAFA5F}.Release|x64.ActiveCfg = Release|x64
		{F3BECCAA-ECE2-3E00-A683-6D20E1FAFA5F}.Release|x64.Build.0 = Release|x64
		{F3BECCAA-ECE2-3E00-A683-6D20E1FAFA5F}.MinSizeRel|x64.ActiveCfg = MinSizeRel|x64
		{F3BECCAA-ECE2-3E00-A683-6D20E1FAFA5F}.MinSizeRel|x64.Build.0 = MinSizeRel|x64
		{F3BECCAA-ECE2-3E00-A683-6D20E1FAFA5F}.RelWithDebInfo|x64.ActiveCfg = RelWithDebInfo|x64
		{F3BECCAA-ECE2-3E00-A683-6D20E1FAFA5F}.RelWithDebInfo|x64.Build.0 = RelWithDebInfo|x64
		{ACAE2F75-1344-3EBD-B3F7-28064D683D4D}.Debug|x64.ActiveCfg = Debug|x64
		{ACAE2F75-1344-3EBD-B3F7-28064D683D4D}.Debug|x64.Build.0 = Debug|x64
		{ACAE2F75-1344-3EBD-B3F7-28064D683D4D}.Release|x64.ActiveCfg = Release|x64
		{ACAE2F75-1344-3EBD-B3F7-28064D683D4D}.Release|x64.Build.0 = Release|x64
		{ACAE2F75-1344-3EBD-B3F7-28064D683D4D}.MinSizeRel|x64.ActiveCfg = MinSizeRel|x64
		{ACAE2F75-1344-3EBD-B3F7-28064D683D4D}.MinSizeRel|x64.Build.0 = MinSizeRel|x64
		{ACAE2F75-1344-3EBD-B3F7-28064D683D4D}.RelWithDebInfo|x64.ActiveCfg = RelWithDebInfo|x64
		{ACAE2F75-1344-3EBD-B3F7-28064D683D4D}.RelWithDebInfo|x64.Build.0 = RelWithDebInfo|x64
		{A34592EB-995F-3F2F-A5B1-12E737536EE8}.Debug|x64.ActiveCfg = Debug|x64
		{A34592EB-995F-3F2F-A5B1-12E737536EE8}.Debug|x64.Build.0 = Debug|x64
		{A34592EB-995F-3F2F-A5B1-12E737536EE8}.Release|x64.ActiveCfg = Release|x64
		{A34592EB-995F-3F2F-A5B1-12E737536EE8}.Release|x64.Build.0 = Release|x64
		{A34592EB-995F-3F2F-A5B1-12E737536EE8}.MinSizeRel|x64.ActiveCfg = MinSizeRel|x64
		{A34592EB-995F-3F2F-A5B1-12E737536EE8}.MinSizeRel|x64.Build.0 = MinSizeRel|x64
		{A34592EB-995F-3F2F-A5B1-12E737536EE8}.RelWithDebInfo|x64.ActiveCfg = RelWithDebInfo|x64
		{A34592EB-995F-3F2F-A5B1-12E737536EE8}.RelWithDebInfo|x64.Build.0 = RelWithDebInfo|x64
		{F29AAB3C-012D-37DE-9CD4-34B9A7405EB0}.Debug|x64.ActiveCfg = Debug|x64
		{F29AAB3C-012D-37DE-9CD4-34B9A7405EB0}.Debug|x64.Build.0 = Debug|x64
		{F29AAB3C-012D-37DE-9CD4-34B9A7405EB0}.Release|x64.ActiveCfg = Release|x64
		{F29AAB3C-012D-37DE-9CD4-34B9A7405EB0}.Release|x64.Build.0 = Release|x64
		{F29AAB3C-012D-37DE-9CD4-34B9A7405EB0}.MinSizeRel|x64.ActiveCfg = MinSizeRel|x64
		{F29AAB3C-012D-37DE-9CD4-34B9A7405EB0}.MinSizeRel|x64.Build.0 = MinSizeRel|x64
		{F29AAB3C-012D-37DE-9CD4-34B9A7405EB0}.RelWithDebInfo|x64.ActiveCfg = RelWithDebInfo|x64
		{F29AAB3C-012D-37DE-9CD4-34B9A7405EB0}.RelWithDebInfo|x64.Build.0 = RelWithDebInfo|x64
		{2ED6A506-E4B6-3D69-A677-3BE8E23E47D9}.Debug|x64.ActiveCfg = Debug|x64
		{2ED6A506-E4B6-3D69-A677-3BE8E23E47D9}.Debug|x64.Build.0 = Debug|x64
		{2ED6A506-E4B6-3D69-A677-3BE8E23E47D9}.Release|x64.ActiveCfg = Release|x64
		{2ED6A506-E4B6-3D69-A677-3BE8E23E47D9}.Release|x64.Build.0 = Release|x64
		{2ED6A506-E4B6-3D69-A677-3BE8E23E47D9}.MinSizeRel|x64.ActiveCfg = MinSizeRel|x64
		{2ED6A506-E4B6-3D69-A677-3BE8E23E47D9}.MinSizeRel|x64.Build.0 = MinSizeRel|x64
		{2ED6A506-E4B6-3D69-A677-3BE8E23E47D9}.RelWithDebInfo|x64.ActiveCfg = RelWithDebInfo|x64
		{2ED6A506-E4B6-3D69-A677-3BE8E23E47D9}.RelWithDebInfo|x64.Build.0 = RelWithDebInfo|x64
		{DA8D2D94-C739-38BB-B4A7-AFBD36AA9379}.Debug|x64.ActiveCfg = Debug|x64
		{DA8D2D94-C739-38BB-B4A7-AFBD36AA9379}.Debug|x64.Build.0 = Debug|x64
		{DA8D2D94-C739-38BB-B4A7-AFBD36AA9379}.Release|x64.ActiveCfg = Release|x64
		{DA8D2D94-C739-38BB-B4A7-AFBD36AA9379}.Release|x64.Build.0 = Release|x64
		{DA8D2D94-C739-38BB-B4A7-AFBD36AA9379}.MinSizeRel|x64.ActiveCfg = MinSizeRel|x64
		{DA8D2D94-C739-38BB-B4A7-AFBD36AA9379}.MinSizeRel|x64.Build.0 = MinSizeRel|x64
		{DA8D2D94-C739-38BB-B4A7-AFBD36AA9379}.RelWithDebInfo|x64.ActiveCfg = RelWithDebInfo|x64
		{DA8D2D94-C739-38BB-B4A7-AFBD36AA9379}.RelWithDebInfo|x64.Build.0 = RelWithDebInfo|x64
		{2629A027-96F7-337A-A629-C562D9EBB17F}.Debug|x64.ActiveCfg = Debug|x64
		{2629A027-96F7-337A-A629-C562D9EBB17F}.Debug|x64.Build.0 = Debug|x64
		{2629A027-96F7-337A-A629-C562D9EBB17F}.Release|x64.ActiveCfg = Release|x64
		{2629A027-96F7-337A-A629-C562D9EBB17F}.Release|x64.Build.0 = Release|x64
		{2629A027-96F7-337A-A629-C562D9EBB17F}.MinSizeRel|x64.ActiveCfg = MinSizeRel|x64
		{2629A027-96F7-337A-A629-C562D9EBB17F}.MinSizeRel|x64.Build.0 = MinSizeRel|x64
		{2629A027-96F7-337A-A629-C562D9EBB17F}.RelWithDebInfo|x64.ActiveCfg = RelWithDebInfo|x64
		{2629A027-96F7-337A-A629-C562D9EBB17F}.RelWithDebInfo|x64.Build.0 = RelWithDebInfo|x64
		{948383B9-F558-373A-8DBC-51AB334CEF56}.Debug|x64.ActiveCfg = Debug|x64
		{948383B9-F558-373A-8DBC-51AB334CEF56}.Debug|x64.Build.0 = Debug|x64
		{948383B9-F558-373A-8DBC-51AB334CEF56}.Release|x64.ActiveCfg = Release|x64
		{948383B9-F558-373A-8DBC-51AB334CEF56}.Release|x64.Build.0 = Release|x64
		{948383B9-F558-373A-8DBC-51AB334CEF56}.MinSizeRel|x64.ActiveCfg = MinSizeRel|x64
		{948383B9-F558-373A-8DBC-51AB334CEF56}.MinSizeRel|x64.Build.0 = MinSizeRel|x64
		{948383B9-F558-373A-8DBC-51AB334CEF56}.RelWithDebInfo|x64.ActiveCfg = RelWithDebInfo|x64
		{948383B9-F558-373A-8DBC-51AB334CEF56}.RelWithDebInfo|x64.Build.0 = RelWithDebInfo|x64
	EndGlobalSection
	GlobalSection(ExtensibilityGlobals) = postSolution
		SolutionGuid = {1B2822A0-1860-38A8-8EE4-F997F0AA32B1}
	EndGlobalSection
	GlobalSection(ExtensibilityAddIns) = postSolution
	EndGlobalSection
EndGlobal
