<?xml version="1.0" encoding="utf-8"?>
<Project ToolsVersion="17.0" xmlns="http://schemas.microsoft.com/developer/msbuild/2003">
  <ItemGroup>
    <ClCompile Include="C:\main\port\graphics3d\ktx\KTX-Software\lib\basis_transcode.cpp">
      <Filter>Source Files</Filter>
    </ClCompile>
    <ClCompile Include="C:\main\port\graphics3d\ktx\KTX-Software\lib\miniz_wrapper.cpp">
      <Filter>Source Files</Filter>
    </ClCompile>
    <ClCompile Include="C:\main\port\graphics3d\ktx\KTX-Software\external\basisu\transcoder\basisu_transcoder.cpp">
      <Filter>Source Files</Filter>
    </ClCompile>
    <ClCompile Include="C:\main\port\graphics3d\ktx\KTX-Software\external\basisu\zstd\zstd.c">
      <Filter>Source Files</Filter>
    </ClCompile>
    <ClCompile Include="C:\main\port\graphics3d\ktx\KTX-Software\lib\checkheader.c">
      <Filter>Source Files</Filter>
    </ClCompile>
    <ClCompile Include="C:\main\port\graphics3d\ktx\KTX-Software\external\dfdutils\createdfd.c">
      <Filter>Source Files</Filter>
    </ClCompile>
    <ClCompile Include="C:\main\port\graphics3d\ktx\KTX-Software\external\dfdutils\colourspaces.c">
      <Filter>Source Files</Filter>
    </ClCompile>
    <ClCompile Include="C:\main\port\graphics3d\ktx\KTX-Software\external\dfdutils\interpretdfd.c">
      <Filter>Source Files</Filter>
    </ClCompile>
    <ClCompile Include="C:\main\port\graphics3d\ktx\KTX-Software\external\dfdutils\printdfd.c">
      <Filter>Source Files</Filter>
    </ClCompile>
    <ClCompile Include="C:\main\port\graphics3d\ktx\KTX-Software\external\dfdutils\queries.c">
      <Filter>Source Files</Filter>
    </ClCompile>
    <ClCompile Include="C:\main\port\graphics3d\ktx\KTX-Software\external\dfdutils\vk2dfd.c">
      <Filter>Source Files</Filter>
    </ClCompile>
    <ClCompile Include="C:\main\port\graphics3d\ktx\KTX-Software\lib\etcunpack.cxx">
      <Filter>Source Files</Filter>
    </ClCompile>
    <ClCompile Include="C:\main\port\graphics3d\ktx\KTX-Software\lib\filestream.c">
      <Filter>Source Files</Filter>
    </ClCompile>
    <ClCompile Include="C:\main\port\graphics3d\ktx\KTX-Software\lib\hashlist.c">
      <Filter>Source Files</Filter>
    </ClCompile>
    <ClCompile Include="C:\main\port\graphics3d\ktx\KTX-Software\lib\info.c">
      <Filter>Source Files</Filter>
    </ClCompile>
    <ClCompile Include="C:\main\port\graphics3d\ktx\KTX-Software\lib\memstream.c">
      <Filter>Source Files</Filter>
    </ClCompile>
    <ClCompile Include="C:\main\port\graphics3d\ktx\KTX-Software\lib\strings.c">
      <Filter>Source Files</Filter>
    </ClCompile>
    <ClCompile Include="C:\main\port\graphics3d\ktx\KTX-Software\lib\swap.c">
      <Filter>Source Files</Filter>
    </ClCompile>
    <ClCompile Include="C:\main\port\graphics3d\ktx\KTX-Software\lib\texture.c">
      <Filter>Source Files</Filter>
    </ClCompile>
    <ClCompile Include="C:\main\port\graphics3d\ktx\KTX-Software\lib\texture2.c">
      <Filter>Source Files</Filter>
    </ClCompile>
    <ClCompile Include="C:\main\port\graphics3d\ktx\KTX-Software\lib\vkformat_check.c">
      <Filter>Source Files</Filter>
    </ClCompile>
    <ClCompile Include="C:\main\port\graphics3d\ktx\KTX-Software\lib\vkformat_str.c">
      <Filter>Source Files</Filter>
    </ClCompile>
    <ClCompile Include="C:\main\port\graphics3d\ktx\KTX-Software\lib\vkformat_typesize.c">
      <Filter>Source Files</Filter>
    </ClCompile>
    <ClCompile Include="C:\main\port\graphics3d\ktx\KTX-Software\external\etcdec\etcdec.cxx">
      <Filter>Source Files</Filter>
    </ClCompile>
    <ClCompile Include="C:\main\port\graphics3d\ktx\KTX-Software\lib\gl_funcs.c">
      <Filter>Source Files</Filter>
    </ClCompile>
    <ClCompile Include="C:\main\port\graphics3d\ktx\KTX-Software\lib\glloader.c">
      <Filter>Source Files</Filter>
    </ClCompile>
    <ClCompile Include="C:\main\port\graphics3d\ktx\KTX-Software\lib\texture1.c">
      <Filter>Source Files</Filter>
    </ClCompile>
    <ClCompile Include="C:\main\port\graphics3d\ktx\KTX-Software\lib\vk_funcs.c">
      <Filter>Source Files</Filter>
    </ClCompile>
    <ClCompile Include="C:\main\port\graphics3d\ktx\KTX-Software\lib\vkloader.c">
      <Filter>Source Files</Filter>
    </ClCompile>
    <ClCompile Include="C:\main\port\graphics3d\ktx\KTX-Software\lib\basis_encode.cpp">
      <Filter>Source Files</Filter>
    </ClCompile>
    <ClCompile Include="C:\main\port\graphics3d\ktx\KTX-Software\lib\astc_encode.cpp">
      <Filter>Source Files</Filter>
    </ClCompile>
    <ClCompile Include="C:\main\port\graphics3d\ktx\KTX-Software\external\basisu\encoder\basisu_backend.cpp">
      <Filter>Source Files</Filter>
    </ClCompile>
    <ClCompile Include="C:\main\port\graphics3d\ktx\KTX-Software\external\basisu\encoder\basisu_basis_file.cpp">
      <Filter>Source Files</Filter>
    </ClCompile>
    <ClCompile Include="C:\main\port\graphics3d\ktx\KTX-Software\external\basisu\encoder\basisu_bc7enc.cpp">
      <Filter>Source Files</Filter>
    </ClCompile>
    <ClCompile Include="C:\main\port\graphics3d\ktx\KTX-Software\external\basisu\encoder\basisu_comp.cpp">
      <Filter>Source Files</Filter>
    </ClCompile>
    <ClCompile Include="C:\main\port\graphics3d\ktx\KTX-Software\external\basisu\encoder\basisu_enc.cpp">
      <Filter>Source Files</Filter>
    </ClCompile>
    <ClCompile Include="C:\main\port\graphics3d\ktx\KTX-Software\external\basisu\encoder\basisu_etc.cpp">
      <Filter>Source Files</Filter>
    </ClCompile>
    <ClCompile Include="C:\main\port\graphics3d\ktx\KTX-Software\external\basisu\encoder\basisu_frontend.cpp">
      <Filter>Source Files</Filter>
    </ClCompile>
    <ClCompile Include="C:\main\port\graphics3d\ktx\KTX-Software\external\basisu\encoder\basisu_gpu_texture.cpp">
      <Filter>Source Files</Filter>
    </ClCompile>
    <ClCompile Include="C:\main\port\graphics3d\ktx\KTX-Software\external\basisu\encoder\basisu_kernels_sse.cpp">
      <Filter>Source Files</Filter>
    </ClCompile>
    <ClCompile Include="C:\main\port\graphics3d\ktx\KTX-Software\external\basisu\encoder\basisu_opencl.cpp">
      <Filter>Source Files</Filter>
    </ClCompile>
    <ClCompile Include="C:\main\port\graphics3d\ktx\KTX-Software\external\basisu\encoder\basisu_pvrtc1_4.cpp">
      <Filter>Source Files</Filter>
    </ClCompile>
    <ClCompile Include="C:\main\port\graphics3d\ktx\KTX-Software\external\basisu\encoder\basisu_resample_filters.cpp">
      <Filter>Source Files</Filter>
    </ClCompile>
    <ClCompile Include="C:\main\port\graphics3d\ktx\KTX-Software\external\basisu\encoder\basisu_resampler.cpp">
      <Filter>Source Files</Filter>
    </ClCompile>
    <ClCompile Include="C:\main\port\graphics3d\ktx\KTX-Software\external\basisu\encoder\basisu_ssim.cpp">
      <Filter>Source Files</Filter>
    </ClCompile>
    <ClCompile Include="C:\main\port\graphics3d\ktx\KTX-Software\external\basisu\encoder\basisu_uastc_enc.cpp">
      <Filter>Source Files</Filter>
    </ClCompile>
    <ClCompile Include="C:\main\port\graphics3d\ktx\KTX-Software\lib\writer1.c">
      <Filter>Source Files</Filter>
    </ClCompile>
    <ClCompile Include="C:\main\port\graphics3d\ktx\KTX-Software\lib\writer2.c">
      <Filter>Source Files</Filter>
    </ClCompile>
  </ItemGroup>
  <ItemGroup>
    <ClInclude Include="C:\main\port\graphics3d\ktx\KTX-Software\include\KHR\khr_df.h">
      <Filter>Header Files</Filter>
    </ClInclude>
    <ClInclude Include="C:\main\port\graphics3d\ktx\KTX-Software\include\ktx.h">
      <Filter>Header Files</Filter>
    </ClInclude>
    <ClInclude Include="C:\main\port\graphics3d\ktx\KTX-Software\lib\basis_sgd.h">
      <Filter>Header Files</Filter>
    </ClInclude>
    <ClInclude Include="C:\main\port\graphics3d\ktx\KTX-Software\external\basisu\transcoder\basisu_containers.h">
      <Filter>Header Files</Filter>
    </ClInclude>
    <ClInclude Include="C:\main\port\graphics3d\ktx\KTX-Software\external\basisu\transcoder\basisu_containers_impl.h">
      <Filter>Header Files</Filter>
    </ClInclude>
    <ClInclude Include="C:\main\port\graphics3d\ktx\KTX-Software\external\basisu\transcoder\basisu_file_headers.h">
      <Filter>Header Files</Filter>
    </ClInclude>
    <ClInclude Include="C:\main\port\graphics3d\ktx\KTX-Software\external\basisu\transcoder\basisu_transcoder_internal.h">
      <Filter>Header Files</Filter>
    </ClInclude>
    <ClInclude Include="C:\main\port\graphics3d\ktx\KTX-Software\external\basisu\transcoder\basisu_transcoder_uastc.h">
      <Filter>Header Files</Filter>
    </ClInclude>
    <ClInclude Include="C:\main\port\graphics3d\ktx\KTX-Software\external\basisu\transcoder\basisu_transcoder.h">
      <Filter>Header Files</Filter>
    </ClInclude>
    <ClInclude Include="C:\main\port\graphics3d\ktx\KTX-Software\external\basisu\transcoder\basisu.h">
      <Filter>Header Files</Filter>
    </ClInclude>
    <ClInclude Include="C:\main\port\graphics3d\ktx\KTX-Software\external\dfdutils\dfd.h">
      <Filter>Header Files</Filter>
    </ClInclude>
    <ClInclude Include="C:\main\port\graphics3d\ktx\KTX-Software\external\dfdutils\vk2dfd.inl">
      <Filter>Header Files</Filter>
    </ClInclude>
    <ClInclude Include="C:\main\port\graphics3d\ktx\KTX-Software\external\dfdutils\vulkan\vk_platform.h">
      <Filter>Header Files</Filter>
    </ClInclude>
    <ClInclude Include="C:\main\port\graphics3d\ktx\KTX-Software\external\dfdutils\vulkan\vulkan_core.h">
      <Filter>Header Files</Filter>
    </ClInclude>
    <ClInclude Include="C:\main\port\graphics3d\ktx\KTX-Software\lib\filestream.h">
      <Filter>Header Files</Filter>
    </ClInclude>
    <ClInclude Include="C:\main\port\graphics3d\ktx\KTX-Software\lib\formatsize.h">
      <Filter>Header Files</Filter>
    </ClInclude>
    <ClInclude Include="C:\main\port\graphics3d\ktx\KTX-Software\lib\gl_format.h">
      <Filter>Header Files</Filter>
    </ClInclude>
    <ClInclude Include="C:\main\port\graphics3d\ktx\KTX-Software\lib\ktxint.h">
      <Filter>Header Files</Filter>
    </ClInclude>
    <ClInclude Include="C:\main\port\graphics3d\ktx\KTX-Software\lib\memstream.h">
      <Filter>Header Files</Filter>
    </ClInclude>
    <ClInclude Include="C:\main\port\graphics3d\ktx\KTX-Software\lib\texture.h">
      <Filter>Header Files</Filter>
    </ClInclude>
    <ClInclude Include="C:\main\port\graphics3d\ktx\KTX-Software\lib\texture2.h">
      <Filter>Header Files</Filter>
    </ClInclude>
    <ClInclude Include="C:\main\port\graphics3d\ktx\KTX-Software\lib\texture_funcs.inl">
      <Filter>Header Files</Filter>
    </ClInclude>
    <ClInclude Include="C:\main\port\graphics3d\ktx\KTX-Software\lib\uthash.h">
      <Filter>Header Files</Filter>
    </ClInclude>
    <ClInclude Include="C:\main\port\graphics3d\ktx\KTX-Software\lib\vk2gl.h">
      <Filter>Header Files</Filter>
    </ClInclude>
    <ClInclude Include="C:\main\port\graphics3d\ktx\KTX-Software\lib\vk_format.h">
      <Filter>Header Files</Filter>
    </ClInclude>
    <ClInclude Include="C:\main\port\graphics3d\ktx\KTX-Software\lib\vkFormat2glFormat.inl">
      <Filter>Header Files</Filter>
    </ClInclude>
    <ClInclude Include="C:\main\port\graphics3d\ktx\KTX-Software\lib\vkFormat2glInternalFormat.inl">
      <Filter>Header Files</Filter>
    </ClInclude>
    <ClInclude Include="C:\main\port\graphics3d\ktx\KTX-Software\lib\vkFormat2glType.inl">
      <Filter>Header Files</Filter>
    </ClInclude>
    <ClInclude Include="C:\main\port\graphics3d\ktx\KTX-Software\lib\vkformat_enum.h">
      <Filter>Header Files</Filter>
    </ClInclude>
    <ClInclude Include="C:\main\port\graphics3d\ktx\KTX-Software\lib\gl_funclist.inl">
      <Filter>Header Files</Filter>
    </ClInclude>
    <ClInclude Include="C:\main\port\graphics3d\ktx\KTX-Software\lib\gl_funcs.h">
      <Filter>Header Files</Filter>
    </ClInclude>
    <ClInclude Include="C:\main\port\graphics3d\ktx\KTX-Software\lib\texture1.h">
      <Filter>Header Files</Filter>
    </ClInclude>
    <ClInclude Include="C:\main\port\graphics3d\ktx\KTX-Software\include\ktxvulkan.h">
      <Filter>Header Files</Filter>
    </ClInclude>
    <ClInclude Include="C:\main\port\graphics3d\ktx\KTX-Software\lib\vk_funcs.h">
      <Filter>Header Files</Filter>
    </ClInclude>
    <ClInclude Include="C:\main\port\graphics3d\ktx\KTX-Software\external\basisu\encoder\basisu_backend.h">
      <Filter>Header Files</Filter>
    </ClInclude>
    <ClInclude Include="C:\main\port\graphics3d\ktx\KTX-Software\external\basisu\encoder\basisu_basis_file.h">
      <Filter>Header Files</Filter>
    </ClInclude>
    <ClInclude Include="C:\main\port\graphics3d\ktx\KTX-Software\external\basisu\encoder\basisu_bc7enc.h">
      <Filter>Header Files</Filter>
    </ClInclude>
    <ClInclude Include="C:\main\port\graphics3d\ktx\KTX-Software\external\basisu\encoder\basisu_comp.h">
      <Filter>Header Files</Filter>
    </ClInclude>
    <ClInclude Include="C:\main\port\graphics3d\ktx\KTX-Software\external\basisu\encoder\basisu_enc.h">
      <Filter>Header Files</Filter>
    </ClInclude>
    <ClInclude Include="C:\main\port\graphics3d\ktx\KTX-Software\external\basisu\encoder\basisu_etc.h">
      <Filter>Header Files</Filter>
    </ClInclude>
    <ClInclude Include="C:\main\port\graphics3d\ktx\KTX-Software\external\basisu\encoder\basisu_frontend.h">
      <Filter>Header Files</Filter>
    </ClInclude>
    <ClInclude Include="C:\main\port\graphics3d\ktx\KTX-Software\external\basisu\encoder\basisu_gpu_texture.h">
      <Filter>Header Files</Filter>
    </ClInclude>
    <ClInclude Include="C:\main\port\graphics3d\ktx\KTX-Software\external\basisu\encoder\basisu_kernels_declares.h">
      <Filter>Header Files</Filter>
    </ClInclude>
    <ClInclude Include="C:\main\port\graphics3d\ktx\KTX-Software\external\basisu\encoder\basisu_kernels_imp.h">
      <Filter>Header Files</Filter>
    </ClInclude>
    <ClInclude Include="C:\main\port\graphics3d\ktx\KTX-Software\external\basisu\encoder\basisu_miniz.h">
      <Filter>Header Files</Filter>
    </ClInclude>
    <ClInclude Include="C:\main\port\graphics3d\ktx\KTX-Software\external\basisu\encoder\basisu_opencl.h">
      <Filter>Header Files</Filter>
    </ClInclude>
    <ClInclude Include="C:\main\port\graphics3d\ktx\KTX-Software\external\basisu\encoder\basisu_pvrtc1_4.h">
      <Filter>Header Files</Filter>
    </ClInclude>
    <ClInclude Include="C:\main\port\graphics3d\ktx\KTX-Software\external\basisu\encoder\basisu_resampler_filters.h">
      <Filter>Header Files</Filter>
    </ClInclude>
    <ClInclude Include="C:\main\port\graphics3d\ktx\KTX-Software\external\basisu\encoder\basisu_resampler.h">
      <Filter>Header Files</Filter>
    </ClInclude>
    <ClInclude Include="C:\main\port\graphics3d\ktx\KTX-Software\external\basisu\encoder\basisu_ssim.h">
      <Filter>Header Files</Filter>
    </ClInclude>
    <ClInclude Include="C:\main\port\graphics3d\ktx\KTX-Software\external\basisu\encoder\basisu_uastc_enc.h">
      <Filter>Header Files</Filter>
    </ClInclude>
    <ClInclude Include="C:\main\port\graphics3d\ktx\KTX-Software\external\basisu\encoder\cppspmd_flow.h">
      <Filter>Header Files</Filter>
    </ClInclude>
    <ClInclude Include="C:\main\port\graphics3d\ktx\KTX-Software\external\basisu\encoder\cppspmd_math.h">
      <Filter>Header Files</Filter>
    </ClInclude>
    <ClInclude Include="C:\main\port\graphics3d\ktx\KTX-Software\external\basisu\encoder\cppspmd_math_declares.h">
      <Filter>Header Files</Filter>
    </ClInclude>
    <ClInclude Include="C:\main\port\graphics3d\ktx\KTX-Software\external\basisu\encoder\cppspmd_sse.h">
      <Filter>Header Files</Filter>
    </ClInclude>
    <ClInclude Include="C:\main\port\graphics3d\ktx\KTX-Software\external\basisu\encoder\cppspmd_type_aliases.h">
      <Filter>Header Files</Filter>
    </ClInclude>
    <ClInclude Include="C:\main\port\graphics3d\ktx\KTX-Software\lib\version.h">
      <Filter>Header Files</Filter>
    </ClInclude>
  </ItemGroup>
  <ItemGroup>
    <CustomBuild Include="C:\main\port\graphics3d\ktx\KTX-Software\CMakeLists.txt" />
  </ItemGroup>
  <ItemGroup>
    <None Include="C:\main\port\graphics3d\ktx\KTX-Software\lib\internalexport.def">
      <Filter>Source Files</Filter>
    </None>
    <None Include="C:\main\port\graphics3d\ktx\KTX-Software\lib\internalexport_write.def">
      <Filter>Source Files</Filter>
    </None>
  </ItemGroup>
  <ItemGroup>
    <Filter Include="CMake Rules">
      <UniqueIdentifier>{DD35E1C2-3589-3102-9324-F3AF81E2A13A}</UniqueIdentifier>
    </Filter>
    <Filter Include="Header Files">
      <UniqueIdentifier>{59D44C7C-9998-36AE-83B2-DBC9503B86F5}</UniqueIdentifier>
    </Filter>
    <Filter Include="Source Files">
      <UniqueIdentifier>{069367B4-DF7A-3E5B-9E17-64AC02E3D90E}</UniqueIdentifier>
    </Filter>
  </ItemGroup>
</Project>
