<?xml version="1.0" encoding="utf-8"?>
<Project ToolsVersion="17.0" xmlns="http://schemas.microsoft.com/developer/msbuild/2003">
  <ItemGroup>
    <ClCompile Include="C:\main\port\graphics3d\ktx\KTX-Software\tools\imageio\imageinput.cc">
      <Filter>Source Files</Filter>
    </ClCompile>
    <ClCompile Include="C:\main\port\graphics3d\ktx\KTX-Software\tools\imageio\imageio.cc">
      <Filter>Source Files</Filter>
    </ClCompile>
    <ClCompile Include="C:\main\port\graphics3d\ktx\KTX-Software\tools\imageio\imageoutput.cc">
      <Filter>Source Files</Filter>
    </ClCompile>
    <ClCompile Include="C:\main\port\graphics3d\ktx\KTX-Software\external\basisu\encoder\jpgd.cpp">
      <Filter>Source Files\jpg.imageio</Filter>
    </ClCompile>
    <ClCompile Include="C:\main\port\graphics3d\ktx\KTX-Software\tools\imageio\exr.imageio\exrinput.cc">
      <Filter>Source Files\exr.imageio</Filter>
    </ClCompile>
    <ClCompile Include="C:\main\port\graphics3d\ktx\KTX-Software\tools\imageio\jpg.imageio\jpginput.cc">
      <Filter>Source Files\jpg.imageio</Filter>
    </ClCompile>
    <ClCompile Include="C:\main\port\graphics3d\ktx\KTX-Software\tools\imageio\npbm.imageio\npbminput.cc">
      <Filter>Source Files\npbm.imageio</Filter>
    </ClCompile>
    <ClCompile Include="C:\main\port\graphics3d\ktx\KTX-Software\tools\imageio\png.imageio\lodepng.cc">
      <Filter>Source Files\png.imageio</Filter>
    </ClCompile>
    <ClCompile Include="C:\main\port\graphics3d\ktx\KTX-Software\tools\imageio\png.imageio\pnginput.cc">
      <Filter>Source Files\png.imageio</Filter>
    </ClCompile>
    <ClCompile Include="C:\main\port\graphics3d\ktx\KTX-Software\tools\imageio\png.imageio\pngoutput.cc">
      <Filter>Source Files\png.imageio</Filter>
    </ClCompile>
  </ItemGroup>
  <ItemGroup>
    <ClInclude Include="C:\main\port\graphics3d\ktx\KTX-Software\tools\imageio\formatdesc.h">
      <Filter>Header Files</Filter>
    </ClInclude>
    <ClInclude Include="C:\main\port\graphics3d\ktx\KTX-Software\tools\imageio\image.hpp">
      <Filter>Header Files</Filter>
    </ClInclude>
    <ClInclude Include="C:\main\port\graphics3d\ktx\KTX-Software\tools\imageio\imagecodec.hpp">
      <Filter>Header Files</Filter>
    </ClInclude>
    <ClInclude Include="C:\main\port\graphics3d\ktx\KTX-Software\tools\imageio\imagespan.hpp">
      <Filter>Header Files</Filter>
    </ClInclude>
    <ClInclude Include="C:\main\port\graphics3d\ktx\KTX-Software\tools\imageio\imageio.h">
      <Filter>Header Files</Filter>
    </ClInclude>
    <ClInclude Include="C:\main\port\graphics3d\ktx\KTX-Software\tools\imageio\imageio_utility.h">
      <Filter>Header Files</Filter>
    </ClInclude>
    <ClInclude Include="C:\main\port\graphics3d\ktx\KTX-Software\external\astc-encoder\Source\ThirdParty\tinyexr.h">
      <Filter>Header Files\exr.imageio</Filter>
    </ClInclude>
    <ClInclude Include="C:\main\port\graphics3d\ktx\KTX-Software\external\basisu\encoder\jpgd.h">
      <Filter>Header Files\jpg.imageio</Filter>
    </ClInclude>
    <ClInclude Include="C:\main\port\graphics3d\ktx\KTX-Software\tools\imageio\png.imageio\lodepng.h">
      <Filter>Header Files\png.imageio</Filter>
    </ClInclude>
  </ItemGroup>
  <ItemGroup>
    <CustomBuild Include="C:\main\port\graphics3d\ktx\KTX-Software\tools\imageio\CMakeLists.txt" />
  </ItemGroup>
  <ItemGroup>
    <Filter Include="Header Files">
      <UniqueIdentifier>{59D44C7C-9998-36AE-83B2-DBC9503B86F5}</UniqueIdentifier>
    </Filter>
    <Filter Include="Header Files\exr.imageio">
      <UniqueIdentifier>{B08F948A-6904-37D6-A590-FE25D4B2431B}</UniqueIdentifier>
    </Filter>
    <Filter Include="Header Files\jpg.imageio">
      <UniqueIdentifier>{0DF6E9E8-DB30-3EF3-8E89-5E3CA2AA6991}</UniqueIdentifier>
    </Filter>
    <Filter Include="Header Files\png.imageio">
      <UniqueIdentifier>{03E823D8-E837-3504-944E-9D45F208F8E8}</UniqueIdentifier>
    </Filter>
    <Filter Include="Source Files">
      <UniqueIdentifier>{069367B4-DF7A-3E5B-9E17-64AC02E3D90E}</UniqueIdentifier>
    </Filter>
    <Filter Include="Source Files\exr.imageio">
      <UniqueIdentifier>{DF367CDA-B592-363D-BC67-77EA06270C38}</UniqueIdentifier>
    </Filter>
    <Filter Include="Source Files\jpg.imageio">
      <UniqueIdentifier>{8C274B88-F3EF-3BCA-99E1-2306A93C038B}</UniqueIdentifier>
    </Filter>
    <Filter Include="Source Files\npbm.imageio">
      <UniqueIdentifier>{3C72F35E-71AF-302D-8A8D-57B228F4E952}</UniqueIdentifier>
    </Filter>
    <Filter Include="Source Files\png.imageio">
      <UniqueIdentifier>{2A941CF8-0944-38D7-8F3A-FBE22AF59B94}</UniqueIdentifier>
    </Filter>
  </ItemGroup>
</Project>
