// !$*UTF8*$!
{
	archiveVersion = 1;
	classes = {
	};
	objectVersion = 77;
	objects = {

/* Begin PBXBuildFile section */
		9A4CC6202F2357E800D9A73A /* memstream.h in Headers */ = {isa = PBXBuildFile; fileRef = 9A4CC6022F2357E800D9A73A /* memstream.h */; };
		9A4CC6212F2357E800D9A73A /* filestream.h in Headers */ = {isa = PBXBuildFile; fileRef = 9A4CC5F62F2357E800D9A73A /* filestream.h */; };
		9A4CC6222F2357E800D9A73A /* formatsize.h in Headers */ = {isa = PBXBuildFile; fileRef = 9A4CC5F82F2357E800D9A73A /* formatsize.h */; };
		9A4CC6232F2357E800D9A73A /* texture1.h in Headers */ = {isa = PBXBuildFile; fileRef = 9A4CC60A2F2357E800D9A73A /* texture1.h */; };
		9A4CC6242F2357E800D9A73A /* basis_sgd.h in Headers */ = {isa = PBXBuildFile; fileRef = 9A4CC5F22F2357E800D9A73A /* basis_sgd.h */; };
		9A4CC6252F2357E800D9A73A /* texture2.h in Headers */ = {isa = PBXBuildFile; fileRef = 9A4CC60C2F2357E800D9A73A /* texture2.h */; };
		9A4CC6262F2357E800D9A73A /* vk2gl.h in Headers */ = {isa = PBXBuildFile; fileRef = 9A4CC6132F2357E800D9A73A /* vk2gl.h */; };
		9A4CC6272F2357E800D9A73A /* gl_funcs.h in Headers */ = {isa = PBXBuildFile; fileRef = 9A4CC5FB2F2357E800D9A73A /* gl_funcs.h */; };
		9A4CC6282F2357E800D9A73A /* texture.h in Headers */ = {isa = PBXBuildFile; fileRef = 9A4CC6072F2357E800D9A73A /* texture.h */; };
		9A4CC6292F2357E800D9A73A /* ktxint.h in Headers */ = {isa = PBXBuildFile; fileRef = 9A4CC6012F2357E800D9A73A /* ktxint.h */; };
		9A4CC62A2F2357E800D9A73A /* gl_format.h in Headers */ = {isa = PBXBuildFile; fileRef = 9A4CC5F92F2357E800D9A73A /* gl_format.h */; };
		9A4CC62B2F2357E800D9A73A /* version.h in Headers */ = {isa = PBXBuildFile; fileRef = 9A4CC60F2F2357E800D9A73A /* version.h */; };
		9A4CC62C2F2357E800D9A73A /* vkformat_enum.h in Headers */ = {isa = PBXBuildFile; fileRef = 9A4CC6162F2357E800D9A73A /* vkformat_enum.h */; };
		9A4CC62D2F2357E800D9A73A /* uthash.h in Headers */ = {isa = PBXBuildFile; fileRef = 9A4CC60E2F2357E800D9A73A /* uthash.h */; };
		9A4CC62E2F2357E800D9A73A /* vk_funcs.h in Headers */ = {isa = PBXBuildFile; fileRef = 9A4CC6112F2357E800D9A73A /* vk_funcs.h */; };
		9A4CC62F2F2357E800D9A73A /* vk_format.h in Headers */ = {isa = PBXBuildFile; fileRef = 9A4CC6102F2357E800D9A73A /* vk_format.h */; };
		9A4CC6302F2357E800D9A73A /* vkformat_check.c in Sources */ = {isa = PBXBuildFile; fileRef = 9A4CC6142F2357E800D9A73A /* vkformat_check.c */; };
		9A4CC6312F2357E800D9A73A /* swap.c in Sources */ = {isa = PBXBuildFile; fileRef = 9A4CC6062F2357E800D9A73A /* swap.c */; };
		9A4CC6322F2357E800D9A73A /* miniz_wrapper.cpp in Sources */ = {isa = PBXBuildFile; fileRef = 9A4CC6042F2357E800D9A73A /* miniz_wrapper.cpp */; };
		9A4CC6332F2357E800D9A73A /* checkheader.c in Sources */ = {isa = PBXBuildFile; fileRef = 9A4CC5F42F2357E800D9A73A /* checkheader.c */; };
		9A4CC6342F2357E800D9A73A /* vkformat_typesize.c in Sources */ = {isa = PBXBuildFile; fileRef = 9A4CC6182F2357E800D9A73A /* vkformat_typesize.c */; };
		9A4CC6352F2357E800D9A73A /* astc_codec.cpp in Sources */ = {isa = PBXBuildFile; fileRef = 9A4CC5F02F2357E800D9A73A /* astc_codec.cpp */; };
		9A4CC6382F2357E800D9A73A /* hashlist.c in Sources */ = {isa = PBXBuildFile; fileRef = 9A4CC5FF2F2357E800D9A73A /* hashlist.c */; };
		9A4CC6392F2357E800D9A73A /* gl_funcs.c in Sources */ = {isa = PBXBuildFile; fileRef = 9A4CC5FC2F2357E800D9A73A /* gl_funcs.c */; };
		9A4CC63A2F2357E800D9A73A /* vk_funcs.c in Sources */ = {isa = PBXBuildFile; fileRef = 9A4CC6122F2357E800D9A73A /* vk_funcs.c */; };
		9A4CC63B2F2357E800D9A73A /* vkformat_str.c in Sources */ = {isa = PBXBuildFile; fileRef = 9A4CC6172F2357E800D9A73A /* vkformat_str.c */; };
		9A4CC63C2F2357E800D9A73A /* basis_transcode.cpp in Sources */ = {isa = PBXBuildFile; fileRef = 9A4CC5F32F2357E800D9A73A /* basis_transcode.cpp */; };
		9A4CC63D2F2357E800D9A73A /* glloader.c in Sources */ = {isa = PBXBuildFile; fileRef = 9A4CC5FE2F2357E800D9A73A /* glloader.c */; };
		9A4CC63E2F2357E800D9A73A /* glformat_str.c in Sources */ = {isa = PBXBuildFile; fileRef = 9A4CC5FD2F2357E800D9A73A /* glformat_str.c */; };
		9A4CC63F2F2357E800D9A73A /* etcunpack.cxx in Sources */ = {isa = PBXBuildFile; fileRef = 9A4CC5F52F2357E800D9A73A /* etcunpack.cxx */; };
		9A4CC6432F2357E800D9A73A /* vkformat_check_variant.c in Sources */ = {isa = PBXBuildFile; fileRef = 9A4CC6152F2357E800D9A73A /* vkformat_check_variant.c */; };
		9A4CC6442F2357E800D9A73A /* info.c in Sources */ = {isa = PBXBuildFile; fileRef = 9A4CC6002F2357E800D9A73A /* info.c */; };
		9A4CC6452F2357E800D9A73A /* memstream.c in Sources */ = {isa = PBXBuildFile; fileRef = 9A4CC6032F2357E800D9A73A /* memstream.c */; };
		9A4CC6462F2357E800D9A73A /* vkloader.c in Sources */ = {isa = PBXBuildFile; fileRef = 9A4CC61C2F2357E800D9A73A /* vkloader.c */; };
		9A4CC6472F2357E800D9A73A /* strings.c in Sources */ = {isa = PBXBuildFile; fileRef = 9A4CC6052F2357E800D9A73A /* strings.c */; };
		9A4CC6482F2357E800D9A73A /* texture.c in Sources */ = {isa = PBXBuildFile; fileRef = 9A4CC6082F2357E800D9A73A /* texture.c */; };
		9A4CC6492F2357E800D9A73A /* filestream.c in Sources */ = {isa = PBXBuildFile; fileRef = 9A4CC5F72F2357E800D9A73A /* filestream.c */; };
		9A4CC70C2F2360EF00D9A73A /* libbasisu_encoder.dylib in Frameworks */ = {isa = PBXBuildFile; fileRef = 9A4CC6622F235C5900D9A73A /* libbasisu_encoder.dylib */; };
		9A4CC8012F23681F00D9A73A /* libzstd.dylib in Frameworks */ = {isa = PBXBuildFile; fileRef = 9A4CC8002F23681F00D9A73A /* libzstd.dylib */; };
		9A4CC8032F23683200D9A73A /* libastcenc-neon.dylib in Frameworks */ = {isa = PBXBuildFile; fileRef = 9A4CC8022F23683200D9A73A /* libastcenc-neon.dylib */; };
		9A4CC8312F23698C00D9A73A /* etcdec.cxx in Sources */ = {isa = PBXBuildFile; fileRef = 9A4CC82F2F23698C00D9A73A /* etcdec.cxx */; };
		9A4CC85A2F2369D900D9A73A /* printdfd.c in Sources */ = {isa = PBXBuildFile; fileRef = 9A4CC84F2F2369D900D9A73A /* printdfd.c */; };
		9A4CC85D2F2369D900D9A73A /* dfd2vk.c in Sources */ = {isa = PBXBuildFile; fileRef = 9A4CC8452F2369D900D9A73A /* dfd2vk.c */; };
		9A4CC85E2F2369D900D9A73A /* queries.c in Sources */ = {isa = PBXBuildFile; fileRef = 9A4CC8502F2369D900D9A73A /* queries.c */; };
		9A4CC8602F2369D900D9A73A /* vk2dfd.c in Sources */ = {isa = PBXBuildFile; fileRef = 9A4CC8532F2369D900D9A73A /* vk2dfd.c */; };
		9A4CC8612F2369D900D9A73A /* createdfd.c in Sources */ = {isa = PBXBuildFile; fileRef = 9A4CC8422F2369D900D9A73A /* createdfd.c */; };
		9A4CC8622F2369D900D9A73A /* interpretdfd.c in Sources */ = {isa = PBXBuildFile; fileRef = 9A4CC8492F2369D900D9A73A /* interpretdfd.c */; };
		9A4CC8642F2369D900D9A73A /* colourspaces.c in Sources */ = {isa = PBXBuildFile; fileRef = 9A4CC8412F2369D900D9A73A /* colourspaces.c */; };
		9A4CC8682F236CDA00D9A73A /* texture2.c in Sources */ = {isa = PBXBuildFile; fileRef = 9A4CC8672F236CDA00D9A73A /* texture2.c */; };
		9A4CC8692F236CDA00D9A73A /* texture1.c in Sources */ = {isa = PBXBuildFile; fileRef = 9A4CC8662F236CDA00D9A73A /* texture1.c */; };
		9A4CC86C2F236DD300D9A73A /* writer2.c in Sources */ = {isa = PBXBuildFile; fileRef = 9A4CC86B2F236DD300D9A73A /* writer2.c */; };
		9A4CC86D2F236DD300D9A73A /* writer1.c in Sources */ = {isa = PBXBuildFile; fileRef = 9A4CC86A2F236DD300D9A73A /* writer1.c */; };
/* End PBXBuildFile section */

/* Begin PBXContainerItemProxy section */
		9A4CC6612F235C5900D9A73A /* PBXContainerItemProxy */ = {
			isa = PBXContainerItemProxy;
			containerPortal = 9A4CC65D2F235C5900D9A73A /* basisu_encoder.xcodeproj */;
			proxyType = 2;
			remoteGlobalIDString = 9A7E53282F235059000C3860;
			remoteInfo = basisu_encoder;
		};
		9A4CC6652F235C6F00D9A73A /* PBXContainerItemProxy */ = {
			isa = PBXContainerItemProxy;
			containerPortal = 9A4CC65D2F235C5900D9A73A /* basisu_encoder.xcodeproj */;
			proxyType = 1;
			remoteGlobalIDString = 9A7E53272F235059000C3860;
			remoteInfo = basisu_encoder;
		};
/* End PBXContainerItemProxy section */

/* Begin PBXFileReference section */
		9A4CC5F02F2357E800D9A73A /* astc_codec.cpp */ = {isa = PBXFileReference; lastKnownFileType = sourcecode.cpp.cpp; path = astc_codec.cpp; sourceTree = "<group>"; };
		9A4CC5F22F2357E800D9A73A /* basis_sgd.h */ = {isa = PBXFileReference; lastKnownFileType = sourcecode.c.h; path = basis_sgd.h; sourceTree = "<group>"; };
		9A4CC5F32F2357E800D9A73A /* basis_transcode.cpp */ = {isa = PBXFileReference; lastKnownFileType = sourcecode.cpp.cpp; path = basis_transcode.cpp; sourceTree = "<group>"; };
		9A4CC5F42F2357E800D9A73A /* checkheader.c */ = {isa = PBXFileReference; lastKnownFileType = sourcecode.c.c; path = checkheader.c; sourceTree = "<group>"; };
		9A4CC5F52F2357E800D9A73A /* etcunpack.cxx */ = {isa = PBXFileReference; lastKnownFileType = sourcecode.cpp.cpp; path = etcunpack.cxx; sourceTree = "<group>"; };
		9A4CC5F62F2357E800D9A73A /* filestream.h */ = {isa = PBXFileReference; lastKnownFileType = sourcecode.c.h; path = filestream.h; sourceTree = "<group>"; };
		9A4CC5F72F2357E800D9A73A /* filestream.c */ = {isa = PBXFileReference; lastKnownFileType = sourcecode.c.c; path = filestream.c; sourceTree = "<group>"; };
		9A4CC5F82F2357E800D9A73A /* formatsize.h */ = {isa = PBXFileReference; lastKnownFileType = sourcecode.c.h; path = formatsize.h; sourceTree = "<group>"; };
		9A4CC5F92F2357E800D9A73A /* gl_format.h */ = {isa = PBXFileReference; lastKnownFileType = sourcecode.c.h; path = gl_format.h; sourceTree = "<group>"; };
		9A4CC5FA2F2357E800D9A73A /* gl_funclist.inl */ = {isa = PBXFileReference; lastKnownFileType = text; path = gl_funclist.inl; sourceTree = "<group>"; };
		9A4CC5FB2F2357E800D9A73A /* gl_funcs.h */ = {isa = PBXFileReference; lastKnownFileType = sourcecode.c.h; path = gl_funcs.h; sourceTree = "<group>"; };
		9A4CC5FC2F2357E800D9A73A /* gl_funcs.c */ = {isa = PBXFileReference; lastKnownFileType = sourcecode.c.c; path = gl_funcs.c; sourceTree = "<group>"; };
		9A4CC5FD2F2357E800D9A73A /* glformat_str.c */ = {isa = PBXFileReference; lastKnownFileType = sourcecode.c.c; path = glformat_str.c; sourceTree = "<group>"; };
		9A4CC5FE2F2357E800D9A73A /* glloader.c */ = {isa = PBXFileReference; lastKnownFileType = sourcecode.c.c; path = glloader.c; sourceTree = "<group>"; };
		9A4CC5FF2F2357E800D9A73A /* hashlist.c */ = {isa = PBXFileReference; lastKnownFileType = sourcecode.c.c; path = hashlist.c; sourceTree = "<group>"; };
		9A4CC6002F2357E800D9A73A /* info.c */ = {isa = PBXFileReference; lastKnownFileType = sourcecode.c.c; path = info.c; sourceTree = "<group>"; };
		9A4CC6012F2357E800D9A73A /* ktxint.h */ = {isa = PBXFileReference; lastKnownFileType = sourcecode.c.h; path = ktxint.h; sourceTree = "<group>"; };
		9A4CC6022F2357E800D9A73A /* memstream.h */ = {isa = PBXFileReference; lastKnownFileType = sourcecode.c.h; path = memstream.h; sourceTree = "<group>"; };
		9A4CC6032F2357E800D9A73A /* memstream.c */ = {isa = PBXFileReference; lastKnownFileType = sourcecode.c.c; path = memstream.c; sourceTree = "<group>"; };
		9A4CC6042F2357E800D9A73A /* miniz_wrapper.cpp */ = {isa = PBXFileReference; lastKnownFileType = sourcecode.cpp.cpp; path = miniz_wrapper.cpp; sourceTree = "<group>"; };
		9A4CC6052F2357E800D9A73A /* strings.c */ = {isa = PBXFileReference; lastKnownFileType = sourcecode.c.c; path = strings.c; sourceTree = "<group>"; };
		9A4CC6062F2357E800D9A73A /* swap.c */ = {isa = PBXFileReference; lastKnownFileType = sourcecode.c.c; path = swap.c; sourceTree = "<group>"; };
		9A4CC6072F2357E800D9A73A /* texture.h */ = {isa = PBXFileReference; lastKnownFileType = sourcecode.c.h; path = texture.h; sourceTree = "<group>"; };
		9A4CC6082F2357E800D9A73A /* texture.c */ = {isa = PBXFileReference; lastKnownFileType = sourcecode.c.c; path = texture.c; sourceTree = "<group>"; };
		9A4CC6092F2357E800D9A73A /* texture_funcs.inl */ = {isa = PBXFileReference; lastKnownFileType = text; path = texture_funcs.inl; sourceTree = "<group>"; };
		9A4CC60A2F2357E800D9A73A /* texture1.h */ = {isa = PBXFileReference; lastKnownFileType = sourcecode.c.h; path = texture1.h; sourceTree = "<group>"; };
		9A4CC60C2F2357E800D9A73A /* texture2.h */ = {isa = PBXFileReference; lastKnownFileType = sourcecode.c.h; path = texture2.h; sourceTree = "<group>"; };
		9A4CC60E2F2357E800D9A73A /* uthash.h */ = {isa = PBXFileReference; lastKnownFileType = sourcecode.c.h; path = uthash.h; sourceTree = "<group>"; };
		9A4CC60F2F2357E800D9A73A /* version.h */ = {isa = PBXFileReference; lastKnownFileType = sourcecode.c.h; path = version.h; sourceTree = "<group>"; };
		9A4CC6102F2357E800D9A73A /* vk_format.h */ = {isa = PBXFileReference; lastKnownFileType = sourcecode.c.h; path = vk_format.h; sourceTree = "<group>"; };
		9A4CC6112F2357E800D9A73A /* vk_funcs.h */ = {isa = PBXFileReference; lastKnownFileType = sourcecode.c.h; path = vk_funcs.h; sourceTree = "<group>"; };
		9A4CC6122F2357E800D9A73A /* vk_funcs.c */ = {isa = PBXFileReference; lastKnownFileType = sourcecode.c.c; path = vk_funcs.c; sourceTree = "<group>"; };
		9A4CC6132F2357E800D9A73A /* vk2gl.h */ = {isa = PBXFileReference; lastKnownFileType = sourcecode.c.h; path = vk2gl.h; sourceTree = "<group>"; };
		9A4CC6142F2357E800D9A73A /* vkformat_check.c */ = {isa = PBXFileReference; lastKnownFileType = sourcecode.c.c; path = vkformat_check.c; sourceTree = "<group>"; };
		9A4CC6152F2357E800D9A73A /* vkformat_check_variant.c */ = {isa = PBXFileReference; lastKnownFileType = sourcecode.c.c; path = vkformat_check_variant.c; sourceTree = "<group>"; };
		9A4CC6162F2357E800D9A73A /* vkformat_enum.h */ = {isa = PBXFileReference; lastKnownFileType = sourcecode.c.h; path = vkformat_enum.h; sourceTree = "<group>"; };
		9A4CC6172F2357E800D9A73A /* vkformat_str.c */ = {isa = PBXFileReference; lastKnownFileType = sourcecode.c.c; path = vkformat_str.c; sourceTree = "<group>"; };
		9A4CC6182F2357E800D9A73A /* vkformat_typesize.c */ = {isa = PBXFileReference; lastKnownFileType = sourcecode.c.c; path = vkformat_typesize.c; sourceTree = "<group>"; };
		9A4CC6192F2357E800D9A73A /* vkFormat2glFormat.inl */ = {isa = PBXFileReference; lastKnownFileType = text; path = vkFormat2glFormat.inl; sourceTree = "<group>"; };
		9A4CC61A2F2357E800D9A73A /* vkFormat2glInternalFormat.inl */ = {isa = PBXFileReference; lastKnownFileType = text; path = vkFormat2glInternalFormat.inl; sourceTree = "<group>"; };
		9A4CC61B2F2357E800D9A73A /* vkFormat2glType.inl */ = {isa = PBXFileReference; lastKnownFileType = text; path = vkFormat2glType.inl; sourceTree = "<group>"; };
		9A4CC61C2F2357E800D9A73A /* vkloader.c */ = {isa = PBXFileReference; lastKnownFileType = sourcecode.c.c; path = vkloader.c; sourceTree = "<group>"; };
		9A4CC65D2F235C5900D9A73A /* basisu_encoder.xcodeproj */ = {isa = PBXFileReference; lastKnownFileType = "wrapper.pb-project"; path = basisu_encoder.xcodeproj; sourceTree = "<group>"; };
		9A4CC8002F23681F00D9A73A /* libzstd.dylib */ = {isa = PBXFileReference; explicitFileType = "compiled.mach-o.dylib"; path = libzstd.dylib; sourceTree = BUILT_PRODUCTS_DIR; };
		9A4CC8022F23683200D9A73A /* libastcenc-neon.dylib */ = {isa = PBXFileReference; explicitFileType = "compiled.mach-o.dylib"; path = "libastcenc-neon.dylib"; sourceTree = BUILT_PRODUCTS_DIR; };
		9A4CC82F2F23698C00D9A73A /* etcdec.cxx */ = {isa = PBXFileReference; lastKnownFileType = sourcecode.cpp.cpp; path = etcdec.cxx; sourceTree = "<group>"; };
		9A4CC8412F2369D900D9A73A /* colourspaces.c */ = {isa = PBXFileReference; lastKnownFileType = sourcecode.c.c; path = colourspaces.c; sourceTree = "<group>"; };
		9A4CC8422F2369D900D9A73A /* createdfd.c */ = {isa = PBXFileReference; lastKnownFileType = sourcecode.c.c; path = createdfd.c; sourceTree = "<group>"; };
		9A4CC8452F2369D900D9A73A /* dfd2vk.c */ = {isa = PBXFileReference; lastKnownFileType = sourcecode.c.c; path = dfd2vk.c; sourceTree = "<group>"; };
		9A4CC8462F2369D900D9A73A /* dfd2vk.inl */ = {isa = PBXFileReference; lastKnownFileType = text; path = dfd2vk.inl; sourceTree = "<group>"; };
		9A4CC8492F2369D900D9A73A /* interpretdfd.c */ = {isa = PBXFileReference; lastKnownFileType = sourcecode.c.c; path = interpretdfd.c; sourceTree = "<group>"; };
		9A4CC84F2F2369D900D9A73A /* printdfd.c */ = {isa = PBXFileReference; lastKnownFileType = sourcecode.c.c; path = printdfd.c; sourceTree = "<group>"; };
		9A4CC8502F2369D900D9A73A /* queries.c */ = {isa = PBXFileReference; lastKnownFileType = sourcecode.c.c; path = queries.c; sourceTree = "<group>"; };
		9A4CC8532F2369D900D9A73A /* vk2dfd.c */ = {isa = PBXFileReference; lastKnownFileType = sourcecode.c.c; path = vk2dfd.c; sourceTree = "<group>"; };
		9A4CC8542F2369D900D9A73A /* vk2dfd.inl */ = {isa = PBXFileReference; lastKnownFileType = text; path = vk2dfd.inl; sourceTree = "<group>"; };
		9A4CC8662F236CDA00D9A73A /* texture1.c */ = {isa = PBXFileReference; lastKnownFileType = sourcecode.c.c; path = texture1.c; sourceTree = "<group>"; };
		9A4CC8672F236CDA00D9A73A /* texture2.c */ = {isa = PBXFileReference; lastKnownFileType = sourcecode.c.c; path = texture2.c; sourceTree = "<group>"; };
		9A4CC86A2F236DD300D9A73A /* writer1.c */ = {isa = PBXFileReference; lastKnownFileType = sourcecode.c.c; path = writer1.c; sourceTree = "<group>"; };
		9A4CC86B2F236DD300D9A73A /* writer2.c */ = {isa = PBXFileReference; lastKnownFileType = sourcecode.c.c; path = writer2.c; sourceTree = "<group>"; };
		9A5A9D622F23D6AA00F3FA1F /* _____debug.xcconfig */ = {isa = PBXFileReference; lastKnownFileType = text.xcconfig; path = "_____debug.xcconfig"; sourceTree = "<group>"; };
		9A5A9D632F23D6AA00F3FA1F /* _____release.xcconfig */ = {isa = PBXFileReference; lastKnownFileType = text.xcconfig; path = "_____release.xcconfig"; sourceTree = "<group>"; };
		9A6AFE222F23571B002B8B30 /* libktx.dylib */ = {isa = PBXFileReference; explicitFileType = "compiled.mach-o.dylib"; includeInIndex = 0; path = libktx.dylib; sourceTree = BUILT_PRODUCTS_DIR; };
/* End PBXFileReference section */

/* Begin PBXFrameworksBuildPhase section */
		9A6AFE202F23571B002B8B30 /* Frameworks */ = {
			isa = PBXFrameworksBuildPhase;
			buildActionMask = 2147483647;
			files = (
				9A4CC8032F23683200D9A73A /* libastcenc-neon.dylib in Frameworks */,
				9A4CC8012F23681F00D9A73A /* libzstd.dylib in Frameworks */,
				9A4CC70C2F2360EF00D9A73A /* libbasisu_encoder.dylib in Frameworks */,
			);
			runOnlyForDeploymentPostprocessing = 0;
		};
/* End PBXFrameworksBuildPhase section */

/* Begin PBXGroup section */
		9A4CC61F2F2357E800D9A73A /* src */ = {
			isa = PBXGroup;
			children = (
				9A4CC86A2F236DD300D9A73A /* writer1.c */,
				9A4CC86B2F236DD300D9A73A /* writer2.c */,
				9A4CC8662F236CDA00D9A73A /* texture1.c */,
				9A4CC8672F236CDA00D9A73A /* texture2.c */,
				9A4CC5F02F2357E800D9A73A /* astc_codec.cpp */,
				9A4CC5F22F2357E800D9A73A /* basis_sgd.h */,
				9A4CC5F32F2357E800D9A73A /* basis_transcode.cpp */,
				9A4CC5F42F2357E800D9A73A /* checkheader.c */,
				9A4CC5F52F2357E800D9A73A /* etcunpack.cxx */,
				9A4CC5F62F2357E800D9A73A /* filestream.h */,
				9A4CC5F72F2357E800D9A73A /* filestream.c */,
				9A4CC5F82F2357E800D9A73A /* formatsize.h */,
				9A4CC5F92F2357E800D9A73A /* gl_format.h */,
				9A4CC5FA2F2357E800D9A73A /* gl_funclist.inl */,
				9A4CC5FB2F2357E800D9A73A /* gl_funcs.h */,
				9A4CC5FC2F2357E800D9A73A /* gl_funcs.c */,
				9A4CC5FD2F2357E800D9A73A /* glformat_str.c */,
				9A4CC5FE2F2357E800D9A73A /* glloader.c */,
				9A4CC5FF2F2357E800D9A73A /* hashlist.c */,
				9A4CC6002F2357E800D9A73A /* info.c */,
				9A4CC6012F2357E800D9A73A /* ktxint.h */,
				9A4CC6022F2357E800D9A73A /* memstream.h */,
				9A4CC6032F2357E800D9A73A /* memstream.c */,
				9A4CC6042F2357E800D9A73A /* miniz_wrapper.cpp */,
				9A4CC6052F2357E800D9A73A /* strings.c */,
				9A4CC6062F2357E800D9A73A /* swap.c */,
				9A4CC6072F2357E800D9A73A /* texture.h */,
				9A4CC6082F2357E800D9A73A /* texture.c */,
				9A4CC6092F2357E800D9A73A /* texture_funcs.inl */,
				9A4CC60A2F2357E800D9A73A /* texture1.h */,
				9A4CC60C2F2357E800D9A73A /* texture2.h */,
				9A4CC60E2F2357E800D9A73A /* uthash.h */,
				9A4CC60F2F2357E800D9A73A /* version.h */,
				9A4CC6102F2357E800D9A73A /* vk_format.h */,
				9A4CC6112F2357E800D9A73A /* vk_funcs.h */,
				9A4CC6122F2357E800D9A73A /* vk_funcs.c */,
				9A4CC6132F2357E800D9A73A /* vk2gl.h */,
				9A4CC6142F2357E800D9A73A /* vkformat_check.c */,
				9A4CC6152F2357E800D9A73A /* vkformat_check_variant.c */,
				9A4CC6162F2357E800D9A73A /* vkformat_enum.h */,
				9A4CC6172F2357E800D9A73A /* vkformat_str.c */,
				9A4CC6182F2357E800D9A73A /* vkformat_typesize.c */,
				9A4CC6192F2357E800D9A73A /* vkFormat2glFormat.inl */,
				9A4CC61A2F2357E800D9A73A /* vkFormat2glInternalFormat.inl */,
				9A4CC61B2F2357E800D9A73A /* vkFormat2glType.inl */,
				9A4CC61C2F2357E800D9A73A /* vkloader.c */,
			);
			name = src;
			path = "KTX-Software/lib/src";
			sourceTree = "<group>";
		};
		9A4CC65E2F235C5900D9A73A /* Products */ = {
			isa = PBXGroup;
			children = (
				9A4CC6622F235C5900D9A73A /* libbasisu_encoder.dylib */,
			);
			name = Products;
			sourceTree = "<group>";
		};
		9A4CC7092F2360E200D9A73A /* Frameworks */ = {
			isa = PBXGroup;
			children = (
				9A4CC8022F23683200D9A73A /* libastcenc-neon.dylib */,
				9A4CC8002F23681F00D9A73A /* libzstd.dylib */,
			);
			name = Frameworks;
			sourceTree = "<group>";
		};
		9A4CC8302F23698C00D9A73A /* etcdec */ = {
			isa = PBXGroup;
			children = (
				9A4CC82F2F23698C00D9A73A /* etcdec.cxx */,
			);
			name = etcdec;
			path = "KTX-Software/external/etcdec";
			sourceTree = "<group>";
		};
		9A4CC8552F2369D900D9A73A /* dfdutils */ = {
			isa = PBXGroup;
			children = (
				9A4CC8412F2369D900D9A73A /* colourspaces.c */,
				9A4CC8422F2369D900D9A73A /* createdfd.c */,
				9A4CC8452F2369D900D9A73A /* dfd2vk.c */,
				9A4CC8462F2369D900D9A73A /* dfd2vk.inl */,
				9A4CC8492F2369D900D9A73A /* interpretdfd.c */,
				9A4CC84F2F2369D900D9A73A /* printdfd.c */,
				9A4CC8502F2369D900D9A73A /* queries.c */,
				9A4CC8532F2369D900D9A73A /* vk2dfd.c */,
				9A4CC8542F2369D900D9A73A /* vk2dfd.inl */,
			);
			name = dfdutils;
			path = "KTX-Software/external/dfdutils";
			sourceTree = "<group>";
		};
		9A6AFE192F23571B002B8B30 = {
			isa = PBXGroup;
			children = (
				9A4CC65D2F235C5900D9A73A /* basisu_encoder.xcodeproj */,
				9A5A9D622F23D6AA00F3FA1F /* _____debug.xcconfig */,
				9A5A9D632F23D6AA00F3FA1F /* _____release.xcconfig */,
				9A4CC8552F2369D900D9A73A /* dfdutils */,
				9A4CC8302F23698C00D9A73A /* etcdec */,
				9A4CC61F2F2357E800D9A73A /* src */,
				9A4CC7092F2360E200D9A73A /* Frameworks */,
				9A6AFE232F23571B002B8B30 /* Products */,
			);
			sourceTree = "<group>";
		};
		9A6AFE232F23571B002B8B30 /* Products */ = {
			isa = PBXGroup;
			children = (
				9A6AFE222F23571B002B8B30 /* libktx.dylib */,
			);
			name = Products;
			sourceTree = "<group>";
		};
/* End PBXGroup section */

/* Begin PBXHeadersBuildPhase section */
		9A6AFE1E2F23571B002B8B30 /* Headers */ = {
			isa = PBXHeadersBuildPhase;
			buildActionMask = 2147483647;
			files = (
				9A4CC6202F2357E800D9A73A /* memstream.h in Headers */,
				9A4CC6212F2357E800D9A73A /* filestream.h in Headers */,
				9A4CC6222F2357E800D9A73A /* formatsize.h in Headers */,
				9A4CC6232F2357E800D9A73A /* texture1.h in Headers */,
				9A4CC6242F2357E800D9A73A /* basis_sgd.h in Headers */,
				9A4CC6252F2357E800D9A73A /* texture2.h in Headers */,
				9A4CC6262F2357E800D9A73A /* vk2gl.h in Headers */,
				9A4CC6272F2357E800D9A73A /* gl_funcs.h in Headers */,
				9A4CC6282F2357E800D9A73A /* texture.h in Headers */,
				9A4CC6292F2357E800D9A73A /* ktxint.h in Headers */,
				9A4CC62A2F2357E800D9A73A /* gl_format.h in Headers */,
				9A4CC62B2F2357E800D9A73A /* version.h in Headers */,
				9A4CC62C2F2357E800D9A73A /* vkformat_enum.h in Headers */,
				9A4CC62D2F2357E800D9A73A /* uthash.h in Headers */,
				9A4CC62E2F2357E800D9A73A /* vk_funcs.h in Headers */,
				9A4CC62F2F2357E800D9A73A /* vk_format.h in Headers */,
			);
			runOnlyForDeploymentPostprocessing = 0;
		};
/* End PBXHeadersBuildPhase section */

/* Begin PBXNativeTarget section */
		9A6AFE212F23571B002B8B30 /* ktx */ = {
			isa = PBXNativeTarget;
			buildConfigurationList = 9A6AFE262F23571B002B8B30 /* Build configuration list for PBXNativeTarget "ktx" */;
			buildPhases = (
				9A6AFE1E2F23571B002B8B30 /* Headers */,
				9A6AFE1F2F23571B002B8B30 /* Sources */,
				9A6AFE202F23571B002B8B30 /* Frameworks */,
			);
			buildRules = (
			);
			dependencies = (
				9A4CC6662F235C6F00D9A73A /* PBXTargetDependency */,
			);
			name = ktx;
			packageProductDependencies = (
			);
			productName = ktx;
			productReference = 9A6AFE222F23571B002B8B30 /* libktx.dylib */;
			productType = "com.apple.product-type.library.dynamic";
		};
/* End PBXNativeTarget section */

/* Begin PBXProject section */
		9A6AFE1A2F23571B002B8B30 /* Project object */ = {
			isa = PBXProject;
			attributes = {
				BuildIndependentTargetsInParallel = 1;
				LastUpgradeCheck = 2620;
				TargetAttributes = {
					9A6AFE212F23571B002B8B30 = {
						CreatedOnToolsVersion = 26.2;
					};
				};
			};
			buildConfigurationList = 9A6AFE1D2F23571B002B8B30 /* Build configuration list for PBXProject "ktx" */;
			developmentRegion = en;
			hasScannedForEncodings = 0;
			knownRegions = (
				en,
				Base,
			);
			mainGroup = 9A6AFE192F23571B002B8B30;
			minimizedProjectReferenceProxies = 1;
			preferredProjectObjectVersion = 77;
			productRefGroup = 9A6AFE232F23571B002B8B30 /* Products */;
			projectDirPath = "";
			projectReferences = (
				{
					ProductGroup = 9A4CC65E2F235C5900D9A73A /* Products */;
					ProjectRef = 9A4CC65D2F235C5900D9A73A /* basisu_encoder.xcodeproj */;
				},
			);
			projectRoot = "";
			targets = (
				9A6AFE212F23571B002B8B30 /* ktx */,
			);
		};
/* End PBXProject section */

/* Begin PBXReferenceProxy section */
		9A4CC6622F235C5900D9A73A /* libbasisu_encoder.dylib */ = {
			isa = PBXReferenceProxy;
			fileType = "compiled.mach-o.dylib";
			path = libbasisu_encoder.dylib;
			remoteRef = 9A4CC6612F235C5900D9A73A /* PBXContainerItemProxy */;
			sourceTree = BUILT_PRODUCTS_DIR;
		};
/* End PBXReferenceProxy section */

/* Begin PBXSourcesBuildPhase section */
		9A6AFE1F2F23571B002B8B30 /* Sources */ = {
			isa = PBXSourcesBuildPhase;
			buildActionMask = 2147483647;
			files = (
				9A4CC6302F2357E800D9A73A /* vkformat_check.c in Sources */,
				9A4CC6312F2357E800D9A73A /* swap.c in Sources */,
				9A4CC6322F2357E800D9A73A /* miniz_wrapper.cpp in Sources */,
				9A4CC6332F2357E800D9A73A /* checkheader.c in Sources */,
				9A4CC6342F2357E800D9A73A /* vkformat_typesize.c in Sources */,
				9A4CC6352F2357E800D9A73A /* astc_codec.cpp in Sources */,
				9A4CC6382F2357E800D9A73A /* hashlist.c in Sources */,
				9A4CC6392F2357E800D9A73A /* gl_funcs.c in Sources */,
				9A4CC63A2F2357E800D9A73A /* vk_funcs.c in Sources */,
				9A4CC63B2F2357E800D9A73A /* vkformat_str.c in Sources */,
				9A4CC63C2F2357E800D9A73A /* basis_transcode.cpp in Sources */,
				9A4CC63D2F2357E800D9A73A /* glloader.c in Sources */,
				9A4CC63E2F2357E800D9A73A /* glformat_str.c in Sources */,
				9A4CC63F2F2357E800D9A73A /* etcunpack.cxx in Sources */,
				9A4CC6432F2357E800D9A73A /* vkformat_check_variant.c in Sources */,
				9A4CC85A2F2369D900D9A73A /* printdfd.c in Sources */,
				9A4CC85D2F2369D900D9A73A /* dfd2vk.c in Sources */,
				9A4CC86C2F236DD300D9A73A /* writer2.c in Sources */,
				9A4CC86D2F236DD300D9A73A /* writer1.c in Sources */,
				9A4CC85E2F2369D900D9A73A /* queries.c in Sources */,
				9A4CC8602F2369D900D9A73A /* vk2dfd.c in Sources */,
				9A4CC8612F2369D900D9A73A /* createdfd.c in Sources */,
				9A4CC8622F2369D900D9A73A /* interpretdfd.c in Sources */,
				9A4CC8642F2369D900D9A73A /* colourspaces.c in Sources */,
				9A4CC6442F2357E800D9A73A /* info.c in Sources */,
				9A4CC6452F2357E800D9A73A /* memstream.c in Sources */,
				9A4CC6462F2357E800D9A73A /* vkloader.c in Sources */,
				9A4CC8682F236CDA00D9A73A /* texture2.c in Sources */,
				9A4CC8692F236CDA00D9A73A /* texture1.c in Sources */,
				9A4CC6472F2357E800D9A73A /* strings.c in Sources */,
				9A4CC6482F2357E800D9A73A /* texture.c in Sources */,
				9A4CC6492F2357E800D9A73A /* filestream.c in Sources */,
				9A4CC8312F23698C00D9A73A /* etcdec.cxx in Sources */,
			);
			runOnlyForDeploymentPostprocessing = 0;
		};
/* End PBXSourcesBuildPhase section */

/* Begin PBXTargetDependency section */
		9A4CC6662F235C6F00D9A73A /* PBXTargetDependency */ = {
			isa = PBXTargetDependency;
			name = basisu_encoder;
			targetProxy = 9A4CC6652F235C6F00D9A73A /* PBXContainerItemProxy */;
		};
/* End PBXTargetDependency section */

/* Begin XCBuildConfiguration section */
		9A6AFE242F23571B002B8B30 /* Debug */ = {
			isa = XCBuildConfiguration;
			baseConfigurationReference = 9A5A9D622F23D6AA00F3FA1F /* _____debug.xcconfig */;
			buildSettings = {
				ALWAYS_SEARCH_USER_PATHS = NO;
				CLANG_ANALYZER_DEADCODE_DEADSTORES = YES;
				CLANG_ANALYZER_GCD = YES;
				CLANG_ANALYZER_LOCALIZABILITY_NONLOCALIZED = YES;
				CLANG_ANALYZER_MEMORY_MANAGEMENT = YES;
				CLANG_ANALYZER_NONNULL = YES;
				CLANG_ANALYZER_NUMBER_OBJECT_CONVERSION = YES_AGGRESSIVE;
				CLANG_CXX_LANGUAGE_STANDARD = "c++20";
				CLANG_ENABLE_OBJC_ARC = YES;
				CLANG_ENABLE_OBJC_WEAK = YES;
				CLANG_STATIC_ANALYZER_MODE = deep;
				CLANG_STATIC_ANALYZER_MODE_ON_ANALYZE_ACTION = deep;
				CLANG_WARN_BLOCK_CAPTURE_AUTORELEASING = YES;
				CLANG_WARN_BOOL_CONVERSION = NO;
				CLANG_WARN_COMMA = YES;
				CLANG_WARN_CONSTANT_CONVERSION = NO;
				CLANG_WARN_DEPRECATED_OBJC_IMPLEMENTATIONS = YES;
				CLANG_WARN_DIRECT_OBJC_ISA_USAGE = YES;
				CLANG_WARN_DOCUMENTATION_COMMENTS = NO;
				CLANG_WARN_EMPTY_BODY = NO;
				CLANG_WARN_ENUM_CONVERSION = NO;
				CLANG_WARN_INFINITE_RECURSION = YES;
				CLANG_WARN_INT_CONVERSION = NO;
				CLANG_WARN_NON_LITERAL_NULL_CONVERSION = YES;
				CLANG_WARN_OBJC_IMPLICIT_RETAIN_SELF = YES;
				CLANG_WARN_OBJC_LITERAL_CONVERSION = YES;
				CLANG_WARN_OBJC_ROOT_CLASS = YES_ERROR;
				CLANG_WARN_PRAGMA_PACK = NO;
				CLANG_WARN_QUOTED_INCLUDE_IN_FRAMEWORK_HEADER = YES;
				CLANG_WARN_RANGE_LOOP_ANALYSIS = YES;
				CLANG_WARN_STRICT_PROTOTYPES = YES;
				CLANG_WARN_SUSPICIOUS_MOVE = YES;
				CLANG_WARN_UNGUARDED_AVAILABILITY = YES_AGGRESSIVE;
				CLANG_WARN_UNREACHABLE_CODE = YES;
				CLANG_WARN__DUPLICATE_METHOD_MATCH = NO;
				COPY_PHASE_STRIP = NO;
				DEBUG_INFORMATION_FORMAT = "dwarf-with-dsym";
				DEPLOYMENT_POSTPROCESSING = YES;
				DEVELOPMENT_TEAM = HS8735NRM5;
				ENABLE_STRICT_OBJC_MSGSEND = YES;
				ENABLE_TESTABILITY = YES;
				ENABLE_USER_SCRIPT_SANDBOXING = YES;
				EXECUTABLE_EXTENSION = dylib;
				EXECUTABLE_PREFIX = lib;
				GCC_C_LANGUAGE_STANDARD = c11;
				GCC_DYNAMIC_NO_PIC = NO;
				GCC_NO_COMMON_BLOCKS = YES;
				GCC_OPTIMIZATION_LEVEL = 0;
				GCC_PREPROCESSOR_DEFINITIONS = "KTX_FEATURE_WRITE=1";
				GCC_SYMBOLS_PRIVATE_EXTERN = NO;
				GCC_VERSION = "";
				GCC_WARN_64_TO_32_BIT_CONVERSION = NO;
				"GCC_WARN_64_TO_32_BIT_CONVERSION[arch=*64]" = YES;
				GCC_WARN_ABOUT_DEPRECATED_FUNCTIONS = NO;
				GCC_WARN_ABOUT_POINTER_SIGNEDNESS = YES;
				GCC_WARN_ABOUT_RETURN_TYPE = NO;
				GCC_WARN_UNDECLARED_SELECTOR = NO;
				GCC_WARN_UNINITIALIZED_AUTOS = NO;
				GCC_WARN_UNUSED_FUNCTION = NO;
				GCC_WARN_UNUSED_VARIABLE = NO;
				HEADER_SEARCH_PATHS = "";
				INSTALL_PATH = "@executable_path";
				LD_RUNPATH_SEARCH_PATHS = "@executable_path";
				LIBRARY_SEARCH_PATHS = (
					"$(inherited)",
					"$(WorkspaceDir)/../operating_system/storage-$(PLATFORM_MODIFIER)/$(CONFIGURATION)/library",
				);
				ONLY_ACTIVE_ARCH = YES;
				OTHER_LDFLAGS = "-all_load";
				PRODUCT_NAME = "$(TARGET_NAME)";
				RUN_CLANG_STATIC_ANALYZER = NO;
				SDKROOT = macosx;
				SKIP_INSTALL = YES;
				SYSTEM_HEADER_SEARCH_PATHS = (
					"$(WorkspaceDir)/operating_system/operating_system-$(PLATFORM_MODIFIER)/include",
					"$(WorkspaceDir)/operating_system/operating_system-$(PLATFORM_MODIFIER)/configuration",
					"$(WorkspaceDir)/port/include",
					"$(WorkspaceDir)/source/app/include",
					"$(PROJECT_DIR)/KTX-Software/external/dfdutils",
					"$(WorkspaceDir)/../operating_system/storage-$(PLATFORM_MODIFIER)/include",
				);
				USER_HEADER_SEARCH_PATHS = (
					.,
					"$(WorkspaceDir)/source",
					"$(WorkspaceDir)/source/app",
					"$(WorkspaceDir)/source/app/_include",
					"$(WorkspaceDir)/operating_system",
					"$(WorkspaceDir)/operating_system/operating_system-$(PLATFORM_MODIFIER)",
					"$(WorkspaceDir)/operating_system/operating_system-$(PLATFORM_MODIFIER)/configuration_selection/$(CONFIGURATION)",
					"$(WorkspaceDir)/port/_",
					"$(PROJECT_DIR)",
					"$(PROJECT_DIR)/..",
					"$(PROJECT_DIR)/../..",
					"$(HOME)/sensitive/sensitive/include",
					"$(PROJECT_DIR)/KTX-Software/external/dfdutils",
					"$(WorkspaceDir)/../operating_system/storage-$(PLATFORM_MODIFIER)/include",
					"$(PROJECT_DIR)/KTX-Software/utils",
					"$(PROJECT_DIR)/KTX-Software/external",
					"$(PROJECT_DIR)/KTX-Software/external/basis_universal",
					"$(PROJECT_DIR)/KTX-Software/other_include",
				);
				USE_HEADERMAP = NO;
				VALIDATE_PRODUCT = YES;
				WARNING_CFLAGS = "";
				WorkspaceDir = "$(SRCROOT)/../../..";
			};
			name = Debug;
		};
		9A6AFE252F23571B002B8B30 /* Release */ = {
			isa = XCBuildConfiguration;
			baseConfigurationReference = 9A5A9D632F23D6AA00F3FA1F /* _____release.xcconfig */;
			buildSettings = {
				ALWAYS_SEARCH_USER_PATHS = NO;
				CLANG_ANALYZER_DEADCODE_DEADSTORES = YES;
				CLANG_ANALYZER_GCD = YES;
				CLANG_ANALYZER_LOCALIZABILITY_NONLOCALIZED = YES;
				CLANG_ANALYZER_MEMORY_MANAGEMENT = YES;
				CLANG_ANALYZER_NONNULL = YES;
				CLANG_ANALYZER_NUMBER_OBJECT_CONVERSION = YES_AGGRESSIVE;
				CLANG_CXX_LANGUAGE_STANDARD = "c++20";
				CLANG_ENABLE_OBJC_ARC = YES;
				CLANG_ENABLE_OBJC_WEAK = YES;
				CLANG_STATIC_ANALYZER_MODE = deep;
				CLANG_STATIC_ANALYZER_MODE_ON_ANALYZE_ACTION = deep;
				CLANG_WARN_BLOCK_CAPTURE_AUTORELEASING = YES;
				CLANG_WARN_BOOL_CONVERSION = NO;
				CLANG_WARN_COMMA = YES;
				CLANG_WARN_CONSTANT_CONVERSION = NO;
				CLANG_WARN_DEPRECATED_OBJC_IMPLEMENTATIONS = YES;
				CLANG_WARN_DIRECT_OBJC_ISA_USAGE = YES;
				CLANG_WARN_DOCUMENTATION_COMMENTS = NO;
				CLANG_WARN_EMPTY_BODY = NO;
				CLANG_WARN_ENUM_CONVERSION = NO;
				CLANG_WARN_INFINITE_RECURSION = YES;
				CLANG_WARN_INT_CONVERSION = NO;
				CLANG_WARN_NON_LITERAL_NULL_CONVERSION = YES;
				CLANG_WARN_OBJC_IMPLICIT_RETAIN_SELF = YES;
				CLANG_WARN_OBJC_LITERAL_CONVERSION = YES;
				CLANG_WARN_OBJC_ROOT_CLASS = YES_ERROR;
				CLANG_WARN_PRAGMA_PACK = NO;
				CLANG_WARN_QUOTED_INCLUDE_IN_FRAMEWORK_HEADER = YES;
				CLANG_WARN_RANGE_LOOP_ANALYSIS = YES;
				CLANG_WARN_STRICT_PROTOTYPES = YES;
				CLANG_WARN_SUSPICIOUS_MOVE = YES;
				CLANG_WARN_UNGUARDED_AVAILABILITY = YES_AGGRESSIVE;
				CLANG_WARN_UNREACHABLE_CODE = YES;
				CLANG_WARN__DUPLICATE_METHOD_MATCH = NO;
				COPY_PHASE_STRIP = NO;
				DEBUG_INFORMATION_FORMAT = "dwarf-with-dsym";
				DEPLOYMENT_POSTPROCESSING = YES;
				DEVELOPMENT_TEAM = HS8735NRM5;
				ENABLE_NS_ASSERTIONS = NO;
				ENABLE_STRICT_OBJC_MSGSEND = YES;
				ENABLE_TESTABILITY = YES;
				ENABLE_USER_SCRIPT_SANDBOXING = YES;
				EXECUTABLE_EXTENSION = dylib;
				EXECUTABLE_PREFIX = lib;
				GCC_C_LANGUAGE_STANDARD = c11;
				GCC_NO_COMMON_BLOCKS = YES;
				GCC_PREPROCESSOR_DEFINITIONS = "KTX_FEATURE_WRITE=1";
				GCC_VERSION = "";
				GCC_WARN_64_TO_32_BIT_CONVERSION = NO;
				"GCC_WARN_64_TO_32_BIT_CONVERSION[arch=*64]" = YES;
				GCC_WARN_ABOUT_DEPRECATED_FUNCTIONS = NO;
				GCC_WARN_ABOUT_POINTER_SIGNEDNESS = YES;
				GCC_WARN_ABOUT_RETURN_TYPE = NO;
				GCC_WARN_UNDECLARED_SELECTOR = NO;
				GCC_WARN_UNINITIALIZED_AUTOS = NO;
				GCC_WARN_UNUSED_FUNCTION = NO;
				GCC_WARN_UNUSED_VARIABLE = NO;
				HEADER_SEARCH_PATHS = "";
				INSTALL_PATH = "@executable_path";
				LD_RUNPATH_SEARCH_PATHS = "@executable_path";
				LIBRARY_SEARCH_PATHS = (
					"$(inherited)",
					"$(WorkspaceDir)/../operating_system/storage-$(PLATFORM_MODIFIER)/$(CONFIGURATION)/library",
				);
				OTHER_LDFLAGS = "-all_load";
				PRODUCT_NAME = "$(TARGET_NAME)";
				RUN_CLANG_STATIC_ANALYZER = NO;
				SDKROOT = macosx;
				SKIP_INSTALL = YES;
				SYSTEM_HEADER_SEARCH_PATHS = (
					"$(WorkspaceDir)/operating_system/operating_system-$(PLATFORM_MODIFIER)/include",
					"$(WorkspaceDir)/operating_system/operating_system-$(PLATFORM_MODIFIER)/configuration",
					"$(WorkspaceDir)/port/include",
					"$(WorkspaceDir)/source/app/include",
					"$(PROJECT_DIR)/KTX-Software/external/dfdutils",
					"$(WorkspaceDir)/../operating_system/storage-$(PLATFORM_MODIFIER)/include",
				);
				USER_HEADER_SEARCH_PATHS = (
					.,
					"$(WorkspaceDir)/source",
					"$(WorkspaceDir)/source/app",
					"$(WorkspaceDir)/source/app/_include",
					"$(WorkspaceDir)/operating_system",
					"$(WorkspaceDir)/operating_system/operating_system-$(PLATFORM_MODIFIER)",
					"$(WorkspaceDir)/operating_system/operating_system-$(PLATFORM_MODIFIER)/configuration_selection/$(CONFIGURATION)",
					"$(WorkspaceDir)/port/_",
					"$(PROJECT_DIR)",
					"$(PROJECT_DIR)/..",
					"$(PROJECT_DIR)/../..",
					"$(HOME)/sensitive/sensitive/include",
					"$(PROJECT_DIR)/KTX-Software/external/dfdutils",
					"$(WorkspaceDir)/../operating_system/storage-$(PLATFORM_MODIFIER)/include",
					"$(PROJECT_DIR)/KTX-Software/utils",
					"$(PROJECT_DIR)/KTX-Software/external",
					"$(PROJECT_DIR)/KTX-Software/external/basis_universal",
					"$(PROJECT_DIR)/KTX-Software/other_include",
				);
				USE_HEADERMAP = NO;
				VALIDATE_PRODUCT = YES;
				WARNING_CFLAGS = "";
				WorkspaceDir = "$(SRCROOT)/../../..";
			};
			name = Release;
		};
		9A6AFE272F23571B002B8B30 /* Debug */ = {
			isa = XCBuildConfiguration;
			buildSettings = {
				ENABLE_HARDENED_RUNTIME = YES;
				EXECUTABLE_EXTENSION = dylib;
				MACH_O_TYPE = mh_dylib;
				PLATFORM_MODIFIER = macos;
				SDKROOT = macosx;
			};
			name = Debug;
		};
		9A6AFE282F23571B002B8B30 /* Release */ = {
			isa = XCBuildConfiguration;
			buildSettings = {
				ENABLE_HARDENED_RUNTIME = YES;
				EXECUTABLE_EXTENSION = dylib;
				MACH_O_TYPE = mh_dylib;
				PLATFORM_MODIFIER = macos;
				SDKROOT = macosx;
			};
			name = Release;
		};
/* End XCBuildConfiguration section */

/* Begin XCConfigurationList section */
		9A6AFE1D2F23571B002B8B30 /* Build configuration list for PBXProject "ktx" */ = {
			isa = XCConfigurationList;
			buildConfigurations = (
				9A6AFE242F23571B002B8B30 /* Debug */,
				9A6AFE252F23571B002B8B30 /* Release */,
			);
			defaultConfigurationIsVisible = 0;
			defaultConfigurationName = Release;
		};
		9A6AFE262F23571B002B8B30 /* Build configuration list for PBXNativeTarget "ktx" */ = {
			isa = XCConfigurationList;
			buildConfigurations = (
				9A6AFE272F23571B002B8B30 /* Debug */,
				9A6AFE282F23571B002B8B30 /* Release */,
			);
			defaultConfigurationIsVisible = 0;
			defaultConfigurationName = Release;
		};
/* End XCConfigurationList section */
	};
	rootObject = 9A6AFE1A2F23571B002B8B30 /* Project object */;
}
